Microsoft Visual Studio Solution File, Format Version 12.00
# Visual Studio 14
VisualStudioVersion = 14.0.25420.1
MinimumVisualStudioVersion = 10.0.40219.1
Project("{2150E333-8FDC-42A3-9474-1A3956D46DE8}") = "Rendering", "Rendering", "{6714DD30-5615-4BA1-A24B-41209F8C0349}"
EndProject
Project("{2150E333-8FDC-42A3-9474-1A3956D46DE8}") = "3rd Party", "3rd Party", "{0E953883-6CEC-4DA1-8DFA-B105167E4256}"
EndProject
Project("{2150E333-8FDC-42A3-9474-1A3956D46DE8}") = "shaders", "shaders", "{E0DB62F9-F6F6-41BA-9C1E-0CBC3C19A525}"
	ProjectSection(SolutionItems) = preProject
		shaders\source\adorn.hlsl = shaders\source\adorn.hlsl
		shaders\source\aluminum.hlsl = shaders\source\aluminum.hlsl
		shaders\source\brick.hlsl = shaders\source\brick.hlsl
		shaders\source\cobblestone.hlsl = shaders\source\cobblestone.hlsl
		shaders\source\common.h = shaders\source\common.h
		shaders\source\concrete.hlsl = shaders\source\concrete.hlsl
		shaders\source\default.hlsl = shaders\source\default.hlsl
		shaders\source\diamondplate.hlsl = shaders\source\diamondplate.hlsl
		shaders\source\fabric.hlsl = shaders\source\fabric.hlsl
		shaders\source\gbuffer.hlsl = shaders\source\gbuffer.hlsl
		shaders\source\globals.h = shaders\source\globals.h
		shaders\source\granite.hlsl = shaders\source\granite.hlsl
		shaders\source\grass.hlsl = shaders\source\grass.hlsl
		shaders\source\ice.hlsl = shaders\source\ice.hlsl
		shaders\source\marble.hlsl = shaders\source\marble.hlsl
		shaders\source\material.hlsl = shaders\source\material.hlsl
		shaders\source\megacluster.hlsl = shaders\source\megacluster.hlsl
		shaders\source\metal.hlsl = shaders\source\metal.hlsl
		shaders\source\neon.hlsl = shaders\source\neon.hlsl
		shaders\source\particle.hlsl = shaders\source\particle.hlsl
		shaders\source\pebble.hlsl = shaders\source\pebble.hlsl
		shaders\source\plastic.hlsl = shaders\source\plastic.hlsl
		shaders\source\profiler.hlsl = shaders\source\profiler.hlsl
		shaders\source\rust.hlsl = shaders\source\rust.hlsl
		shaders\source\sand.hlsl = shaders\source\sand.hlsl
		shaders\source\screenspace.hlsl = shaders\source\screenspace.hlsl
		shaders\source\shadow.hlsl = shaders\source\shadow.hlsl
		shaders\source\sky.hlsl = shaders\source\sky.hlsl
		shaders\source\slate.hlsl = shaders\source\slate.hlsl
		shaders\source\smoothcluster.hlsl = shaders\source\smoothcluster.hlsl
		shaders\source\smoothplastic.hlsl = shaders\source\smoothplastic.hlsl
		shaders\source\smoothwater.hlsl = shaders\source\smoothwater.hlsl
		shaders\source\ssao.hlsl = shaders\source\ssao.hlsl
		shaders\source\texcomp.hlsl = shaders\source\texcomp.hlsl
		shaders\source\ui.hlsl = shaders\source\ui.hlsl
		shaders\source\water.hlsl = shaders\source\water.hlsl
		shaders\source\wood.hlsl = shaders\source\wood.hlsl
		shaders\source\woodplanks.hlsl = shaders\source\woodplanks.hlsl
	EndProjectSection
EndProject
Project("{8BC9CEB8-8B4A-11D0-8D11-00A0C91BC942}") = "App", "App\App.vcxproj", "{63DB8347-940B-4A05-8975-6A6545C315DC}"
EndProject
Project("{8BC9CEB8-8B4A-11D0-8D11-00A0C91BC942}") = "AppDraw", "Rendering\AppDraw\AppDraw.vcxproj", "{43AFCF25-5133-4978-8B2C-D02EE0EEE199}"
EndProject
Project("{8BC9CEB8-8B4A-11D0-8D11-00A0C91BC942}") = "Network", "Network\Network.vcxproj", "{9B9EB5C6-15D1-4765-BCC7-8A42F2C9F6CC}"
EndProject
Project("{8BC9CEB8-8B4A-11D0-8D11-00A0C91BC942}") = "ACCService", "RCCService\RCCService.vcxproj", "{6DD8FDCA-DB72-4886-AF4A-4A85611EDF37}"
EndProject
Project("{8BC9CEB8-8B4A-11D0-8D11-00A0C91BC942}") = "Base", "Base\Base.vcxproj", "{3025C00A-7746-469B-A279-96127C72ABEE}"
EndProject
Project("{8BC9CEB8-8B4A-11D0-8D11-00A0C91BC942}") = "boost.static", "boostlibs\boost.static.vcxproj", "{5423BFB6-D3EB-4B00-A82B-38001EB8745F}"
EndProject
Project("{8BC9CEB8-8B4A-11D0-8D11-00A0C91BC942}") = "boost.test", "boostlibs\boost.test.vcxproj", "{55B54C4C-1951-4D6B-AF5A-794214553001}"
EndProject
Project("{8BC9CEB8-8B4A-11D0-8D11-00A0C91BC942}") = "GfxBase", "Rendering\GfxBase\GfxBase.vcxproj", "{857DE167-1ED8-4E4D-955A-5CC5CC3944C1}"
EndProject
Project("{8BC9CEB8-8B4A-11D0-8D11-00A0C91BC942}") = "RbxG3D", "Rendering\RbxG3D\RbxG3D.vcxproj", "{7D55BDAB-C90B-4B36-9B2C-AF8EF3E9129F}"
EndProject
Project("{8BC9CEB8-8B4A-11D0-8D11-00A0C91BC942}") = "graphics3D", "Rendering\g3d\graphics3D.vcxproj", "{05C08695-1ECA-489C-815D-D74D65F353F0}"
EndProject
Project("{8BC9CEB8-8B4A-11D0-8D11-00A0C91BC942}") = "RbxTestHooks", "RbxTestHooks\RbxTestHooks.vcxproj", "{CD53D30E-FCA9-4809-B7FF-3DBA2DAD46EB}"
EndProject
Project("{8BC9CEB8-8B4A-11D0-8D11-00A0C91BC942}") = "ANORRLStudio", "ANORRLStudio\ANORRLStudio.vcxproj", "{1A12F1B1-AE89-4549-A46C-2069E95C329D}"
	ProjectSection(ProjectDependencies) = postProject
		{9B7CCE5D-2877-4321-8910-3C8E3936F62F} = {9B7CCE5D-2877-4321-8910-3C8E3936F62F}
		{9C69C586-24E6-3711-AD09-74172A831A91} = {9C69C586-24E6-3711-AD09-74172A831A91}
		{3A10C3EC-1B27-427E-B955-87EE6B176130} = {3A10C3EC-1B27-427E-B955-87EE6B176130}
	EndProjectSection
EndProject
Project("{8BC9CEB8-8B4A-11D0-8D11-00A0C91BC942}") = "Log", "Log\Log.vcxproj", "{9980F6C3-B64D-4775-8793-BB6DDE31CE82}"
EndProject
Project("{8BC9CEB8-8B4A-11D0-8D11-00A0C91BC942}") = "ANORRLClient", "WindowsClient\WindowsClient.vcxproj", "{2475DDAB-E4F7-42BE-A5D4-58E2E070A34D}"
	ProjectSection(ProjectDependencies) = postProject
		{857DE167-1ED8-4E4D-955A-5CC5CC3944C1} = {857DE167-1ED8-4E4D-955A-5CC5CC3944C1}
		{05C08695-1ECA-489C-815D-D74D65F353F0} = {05C08695-1ECA-489C-815D-D74D65F353F0}
		{7D55BDAB-C90B-4B36-9B2C-AF8EF3E9129F} = {7D55BDAB-C90B-4B36-9B2C-AF8EF3E9129F}
	EndProjectSection
EndProject
Project("{8BC9CEB8-8B4A-11D0-8D11-00A0C91BC942}") = "GfxCore", "Rendering\GfxCore\GfxCore.vcxproj", "{3A10C3EC-1B27-427E-B955-87EE6B176130}"
EndProject
Project("{8BC9CEB8-8B4A-11D0-8D11-00A0C91BC942}") = "GfxRender", "Rendering\GfxRender\GfxRender.vcxproj", "{9B7CCE5D-2877-4321-8910-3C8E3936F62F}"
EndProject
Project("{8BC9CEB8-8B4A-11D0-8D11-00A0C91BC942}") = "CSG", "CSG\CSG.vcxproj", "{9B6C66F7-6887-44D3-AC5E-3C2BD94661FC}"
EndProject
Project("{8BC9CEB8-8B4A-11D0-8D11-00A0C91BC942}") = "App.BulletPhysics", "App.BulletPhysics\App.BulletPhysics.vcxproj", "{C9285114-DCC1-4E90-AA76-F590CEFB94C2}"
EndProject
Project("{8BC9CEB8-8B4A-11D0-8D11-00A0C91BC942}") = "qtnribbon", "QTitanRibbon\src\shared\ribbon\qtnribbon.vcxproj", "{9C69C586-24E6-3711-AD09-74172A831A91}"
EndProject
Project("{8BC9CEB8-8B4A-11D0-8D11-00A0C91BC942}") = "CoreScriptConverter2", "CoreScriptConverter2\CoreScriptConverter2.vcxproj", "{BB0AF3CB-A723-4948-BC84-F9960876C5CE}"
EndProject
Project("{8BC9CEB8-8B4A-11D0-8D11-00A0C91BC942}") = "zlib", "zlib\win\zlib.vcxproj", "{85FF2E31-E863-40CC-B1D6-C6C1875EC5A1}"
EndProject
Project("{2150E333-8FDC-42A3-9474-1A3956D46DE8}") = "Scripts", "Scripts", "{2B01FC36-180F-47D4-853F-06909E449FB9}"
	ProjectSection(SolutionItems) = preProject
		content\scripts\ServerStarterScript.lua = content\scripts\ServerStarterScript.lua
		content\scripts\StarterScript.lua = content\scripts\StarterScript.lua
	EndProjectSection
EndProject
Project("{2150E333-8FDC-42A3-9474-1A3956D46DE8}") = "Modules", "Modules", "{1944F28B-0F05-44CC-AB5D-A0BDC71A77D7}"
	ProjectSection(SolutionItems) = preProject
		content\scripts\Modules\BackpackScript.lua = content\scripts\Modules\BackpackScript.lua
		content\scripts\Modules\Chat.lua = content\scripts\Modules\Chat.lua
		content\scripts\Modules\DeveloperConsoleModule.lua = content\scripts\Modules\DeveloperConsoleModule.lua
		content\scripts\Modules\Emotes.lua = content\scripts\Modules\Emotes.lua
		content\scripts\Modules\PlayerDropDown.lua = content\scripts\Modules\PlayerDropDown.lua
		content\scripts\Modules\PlayerlistModule.lua = content\scripts\Modules\PlayerlistModule.lua
		content\scripts\Modules\TenFootInterface.lua = content\scripts\Modules\TenFootInterface.lua
	EndProjectSection
EndProject
Project("{2150E333-8FDC-42A3-9474-1A3956D46DE8}") = "CoreScripts", "CoreScripts", "{033A3FF9-B9F7-43E1-BC36-30E2018804EA}"
EndProject
Project("{2150E333-8FDC-42A3-9474-1A3956D46DE8}") = "Libraries", "Libraries", "{0E980035-8A25-4985-8EC4-0FE5814CA0C2}"
	ProjectSection(SolutionItems) = preProject
		content\scripts\Libraries\RbxGui.lua = content\scripts\Libraries\RbxGui.lua
		content\scripts\Libraries\RbxStamper.lua = content\scripts\Libraries\RbxStamper.lua
		content\scripts\Libraries\RbxUtility.lua = content\scripts\Libraries\RbxUtility.lua
	EndProjectSection
EndProject
Project("{2150E333-8FDC-42A3-9474-1A3956D46DE8}") = "Settings", "Settings", "{01AD2ECB-DCFE-4422-9509-03688CE593F2}"
	ProjectSection(SolutionItems) = preProject
		content\scripts\Modules\Settings\SettingsHub.lua = content\scripts\Modules\Settings\SettingsHub.lua
		content\scripts\Modules\Settings\SettingsPageFactory.lua = content\scripts\Modules\Settings\SettingsPageFactory.lua
		content\scripts\Modules\Settings\Utility.lua = content\scripts\Modules\Settings\Utility.lua
	EndProjectSection
EndProject
Project("{2150E333-8FDC-42A3-9474-1A3956D46DE8}") = "Pages", "Pages", "{108FBA13-A0ED-4413-AB82-358376AE2C93}"
	ProjectSection(SolutionItems) = preProject
		content\scripts\Modules\Settings\Pages\GameSettings.lua = content\scripts\Modules\Settings\Pages\GameSettings.lua
		content\scripts\Modules\Settings\Pages\Help.lua = content\scripts\Modules\Settings\Pages\Help.lua
		content\scripts\Modules\Settings\Pages\Home.lua = content\scripts\Modules\Settings\Pages\Home.lua
		content\scripts\Modules\Settings\Pages\LeaveGame.lua = content\scripts\Modules\Settings\Pages\LeaveGame.lua
		content\scripts\Modules\Settings\Pages\Players.lua = content\scripts\Modules\Settings\Pages\Players.lua
		content\scripts\Modules\Settings\Pages\Record.lua = content\scripts\Modules\Settings\Pages\Record.lua
		content\scripts\Modules\Settings\Pages\ReportAbuseMenu.lua = content\scripts\Modules\Settings\Pages\ReportAbuseMenu.lua
		content\scripts\Modules\Settings\Pages\ResetCharacter.lua = content\scripts\Modules\Settings\Pages\ResetCharacter.lua
	EndProjectSection
EndProject
Project("{2150E333-8FDC-42A3-9474-1A3956D46DE8}") = "2014", "2014", "{5686926E-36B6-4C17-9782-F36164D41C81}"
	ProjectSection(SolutionItems) = preProject
		content\scripts\CoreScripts\2014\BubbleChat.lua = content\scripts\CoreScripts\2014\BubbleChat.lua
		content\scripts\CoreScripts\2014\ChatScript.lua = content\scripts\CoreScripts\2014\ChatScript.lua
		content\scripts\CoreScripts\2014\ContextActionTouch.lua = content\scripts\CoreScripts\2014\ContextActionTouch.lua
		content\scripts\CoreScripts\2014\DeveloperConsole.lua = content\scripts\CoreScripts\2014\DeveloperConsole.lua
		content\scripts\CoreScripts\2014\HealthScript.lua = content\scripts\CoreScripts\2014\HealthScript.lua
		content\scripts\CoreScripts\2014\MainBotChatScript.lua = content\scripts\CoreScripts\2014\MainBotChatScript.lua
		content\scripts\CoreScripts\2014\NotificationScript.lua = content\scripts\CoreScripts\2014\NotificationScript.lua
		content\scripts\CoreScripts\2014\PlayerListScript.lua = content\scripts\CoreScripts\2014\PlayerListScript.lua
		content\scripts\CoreScripts\2014\PopupScript.lua = content\scripts\CoreScripts\2014\PopupScript.lua
		content\scripts\CoreScripts\2014\PurchasePromptScript.lua = content\scripts\CoreScripts\2014\PurchasePromptScript.lua
		content\scripts\CoreScripts\2014\Settings.lua = content\scripts\CoreScripts\2014\Settings.lua
		content\scripts\CoreScripts\2014\ToolTip.lua = content\scripts\CoreScripts\2014\ToolTip.lua
		content\scripts\CoreScripts\2014\TouchControls.lua = content\scripts\CoreScripts\2014\TouchControls.lua
	EndProjectSection
EndProject
Project("{2150E333-8FDC-42A3-9474-1A3956D46DE8}") = "2016", "2016", "{1C3F4074-BAD7-4625-B75B-11B72F593CC3}"
	ProjectSection(SolutionItems) = preProject
		content\scripts\CoreScripts\2016\BubbleChat.lua = content\scripts\CoreScripts\2016\BubbleChat.lua
		content\scripts\CoreScripts\2016\ContextActionTouch.lua = content\scripts\CoreScripts\2016\ContextActionTouch.lua
		content\scripts\CoreScripts\2016\DeveloperConsole.lua = content\scripts\CoreScripts\2016\DeveloperConsole.lua
		content\scripts\CoreScripts\2016\GamepadMenu.lua = content\scripts\CoreScripts\2016\GamepadMenu.lua
		content\scripts\CoreScripts\2016\HealthScript.lua = content\scripts\CoreScripts\2016\HealthScript.lua
		content\scripts\CoreScripts\2016\MainBotChatScript2.lua = content\scripts\CoreScripts\2016\MainBotChatScript2.lua
		content\scripts\CoreScripts\2016\NotificationScript2.lua = content\scripts\CoreScripts\2016\NotificationScript2.lua
		content\scripts\CoreScripts\2016\PurchasePromptScript2.lua = content\scripts\CoreScripts\2016\PurchasePromptScript2.lua
		content\scripts\CoreScripts\2016\Topbar.lua = content\scripts\CoreScripts\2016\Topbar.lua
		content\scripts\CoreScripts\2016\VehicleHud.lua = content\scripts\CoreScripts\2016\VehicleHud.lua
	EndProjectSection
EndProject
Project("{2150E333-8FDC-42A3-9474-1A3956D46DE8}") = "BuildToolsScripts", "BuildToolsScripts", "{3F85C620-8EAF-4C35-A6A0-C92348A89792}"
	ProjectSection(SolutionItems) = preProject
		content\scripts\CoreScripts\2016\BuildToolsScripts\BuildToolManager.lua = content\scripts\CoreScripts\2016\BuildToolsScripts\BuildToolManager.lua
		content\scripts\CoreScripts\2016\BuildToolsScripts\BuildToolsScript.lua = content\scripts\CoreScripts\2016\BuildToolsScripts\BuildToolsScript.lua
		content\scripts\CoreScripts\2016\BuildToolsScripts\PersonalServerScript.lua = content\scripts\CoreScripts\2016\BuildToolsScripts\PersonalServerScript.lua
	EndProjectSection
EndProject
Project("{2150E333-8FDC-42A3-9474-1A3956D46DE8}") = "BackpackScripts", "BackpackScripts", "{3F068FD2-B686-4759-8D1C-37B0773A7360}"
	ProjectSection(SolutionItems) = preProject
		content\scripts\CoreScripts\2014\BackpackScripts\BackpackBuilder.lua = content\scripts\CoreScripts\2014\BackpackScripts\BackpackBuilder.lua
		content\scripts\CoreScripts\2014\BackpackScripts\BackpackGear.lua = content\scripts\CoreScripts\2014\BackpackScripts\BackpackGear.lua
		content\scripts\CoreScripts\2014\BackpackScripts\BackpackManager.lua = content\scripts\CoreScripts\2014\BackpackScripts\BackpackManager.lua
		content\scripts\CoreScripts\2014\BackpackScripts\BackpackResizer.lua = content\scripts\CoreScripts\2014\BackpackScripts\BackpackResizer.lua
		content\scripts\CoreScripts\2014\BackpackScripts\LoadoutScript.lua = content\scripts\CoreScripts\2014\BackpackScripts\LoadoutScript.lua
	EndProjectSection
EndProject
Project("{2150E333-8FDC-42A3-9474-1A3956D46DE8}") = "BuildToolsScripts", "BuildToolsScripts", "{158E1B39-8125-4F5A-A92F-A5575D958AD8}"
	ProjectSection(SolutionItems) = preProject
		content\scripts\CoreScripts\2014\BuildToolsScripts\BuildToolManager.lua = content\scripts\CoreScripts\2014\BuildToolsScripts\BuildToolManager.lua
		content\scripts\CoreScripts\2014\BuildToolsScripts\BuildToolsScript.lua = content\scripts\CoreScripts\2014\BuildToolsScripts\BuildToolsScript.lua
		content\scripts\CoreScripts\2014\BuildToolsScripts\PersonalServerScript.lua = content\scripts\CoreScripts\2014\BuildToolsScripts\PersonalServerScript.lua
	EndProjectSection
EndProject
Global
	GlobalSection(Performance) = preSolution
		HasPerformanceSessions = true
	EndGlobalSection
	GlobalSection(SolutionConfigurationPlatforms) = preSolution
		Debug|Durango = Debug|Durango
		Debug|Win32 = Debug|Win32
		DebugRcc|Durango = DebugRcc|Durango
		DebugRcc|Win32 = DebugRcc|Win32
		DebugStudio|Durango = DebugStudio|Durango
		DebugStudio|Win32 = DebugStudio|Win32
		NoOpt|Durango = NoOpt|Durango
		NoOpt|Win32 = NoOpt|Win32
		NoOptRcc|Durango = NoOptRcc|Durango
		NoOptRcc|Win32 = NoOptRcc|Win32
		NoOptStudio|Durango = NoOptStudio|Durango
		NoOptStudio|Win32 = NoOptStudio|Win32
		Profile|Durango = Profile|Durango
		Profile|Win32 = Profile|Win32
		Release|Durango = Release|Durango
		Release|Win32 = Release|Win32
		ReleaseRcc|Durango = ReleaseRcc|Durango
		ReleaseRcc|Win32 = ReleaseRcc|Win32
		ReleaseStudio|Durango = ReleaseStudio|Durango
		ReleaseStudio|Win32 = ReleaseStudio|Win32
		ReleaseTest|Durango = ReleaseTest|Durango
		ReleaseTest|Win32 = ReleaseTest|Win32
	EndGlobalSection
	GlobalSection(ProjectConfigurationPlatforms) = postSolution
		{63DB8347-940B-4A05-8975-6A6545C315DC}.Debug|Durango.ActiveCfg = Debug|Win32
		{63DB8347-940B-4A05-8975-6A6545C315DC}.Debug|Durango.Build.0 = Debug|Win32
		{63DB8347-940B-4A05-8975-6A6545C315DC}.Debug|Win32.ActiveCfg = Debug|Win32
		{63DB8347-940B-4A05-8975-6A6545C315DC}.Debug|Win32.Build.0 = Debug|Win32
		{63DB8347-940B-4A05-8975-6A6545C315DC}.DebugRcc|Durango.ActiveCfg = DebugStudio|Win32
		{63DB8347-940B-4A05-8975-6A6545C315DC}.DebugRcc|Durango.Build.0 = DebugStudio|Win32
		{63DB8347-940B-4A05-8975-6A6545C315DC}.DebugRcc|Win32.ActiveCfg = DebugRcc|Win32
		{63DB8347-940B-4A05-8975-6A6545C315DC}.DebugRcc|Win32.Build.0 = DebugRcc|Win32
		{63DB8347-940B-4A05-8975-6A6545C315DC}.DebugStudio|Durango.ActiveCfg = DebugStudio|Win32
		{63DB8347-940B-4A05-8975-6A6545C315DC}.DebugStudio|Durango.Build.0 = DebugStudio|Win32
		{63DB8347-940B-4A05-8975-6A6545C315DC}.DebugStudio|Win32.ActiveCfg = DebugStudio|Win32
		{63DB8347-940B-4A05-8975-6A6545C315DC}.DebugStudio|Win32.Build.0 = DebugStudio|Win32
		{63DB8347-940B-4A05-8975-6A6545C315DC}.NoOpt|Durango.ActiveCfg = NoOpt|Win32
		{63DB8347-940B-4A05-8975-6A6545C315DC}.NoOpt|Win32.ActiveCfg = NoOpt|Win32
		{63DB8347-940B-4A05-8975-6A6545C315DC}.NoOpt|Win32.Build.0 = NoOpt|Win32
		{63DB8347-940B-4A05-8975-6A6545C315DC}.NoOptRcc|Durango.ActiveCfg = NoOptStudio|Win32
		{63DB8347-940B-4A05-8975-6A6545C315DC}.NoOptRcc|Durango.Build.0 = NoOptStudio|Win32
		{63DB8347-940B-4A05-8975-6A6545C315DC}.NoOptRcc|Win32.ActiveCfg = NoOptRcc|Win32
		{63DB8347-940B-4A05-8975-6A6545C315DC}.NoOptRcc|Win32.Build.0 = NoOptRcc|Win32
		{63DB8347-940B-4A05-8975-6A6545C315DC}.NoOptStudio|Durango.ActiveCfg = NoOptStudio|Win32
		{63DB8347-940B-4A05-8975-6A6545C315DC}.NoOptStudio|Durango.Build.0 = NoOptStudio|Win32
		{63DB8347-940B-4A05-8975-6A6545C315DC}.NoOptStudio|Win32.ActiveCfg = NoOptStudio|Win32
		{63DB8347-940B-4A05-8975-6A6545C315DC}.NoOptStudio|Win32.Build.0 = NoOptStudio|Win32
		{63DB8347-940B-4A05-8975-6A6545C315DC}.Profile|Durango.ActiveCfg = ReleaseStudio|Win32
		{63DB8347-940B-4A05-8975-6A6545C315DC}.Profile|Win32.ActiveCfg = ReleaseTest|Win32
		{63DB8347-940B-4A05-8975-6A6545C315DC}.Profile|Win32.Build.0 = ReleaseTest|Win32
		{63DB8347-940B-4A05-8975-6A6545C315DC}.Release|Durango.ActiveCfg = Release|Win32
		{63DB8347-940B-4A05-8975-6A6545C315DC}.Release|Win32.ActiveCfg = Release|Win32
		{63DB8347-940B-4A05-8975-6A6545C315DC}.Release|Win32.Build.0 = Release|Win32
		{63DB8347-940B-4A05-8975-6A6545C315DC}.ReleaseRcc|Durango.ActiveCfg = ReleaseTest|Win32
		{63DB8347-940B-4A05-8975-6A6545C315DC}.ReleaseRcc|Durango.Build.0 = ReleaseTest|Win32
		{63DB8347-940B-4A05-8975-6A6545C315DC}.ReleaseRcc|Win32.ActiveCfg = ReleaseRcc|Win32
		{63DB8347-940B-4A05-8975-6A6545C315DC}.ReleaseRcc|Win32.Build.0 = ReleaseRcc|Win32
		{63DB8347-940B-4A05-8975-6A6545C315DC}.ReleaseStudio|Durango.ActiveCfg = ReleaseStudio|Win32
		{63DB8347-940B-4A05-8975-6A6545C315DC}.ReleaseStudio|Durango.Build.0 = ReleaseStudio|Win32
		{63DB8347-940B-4A05-8975-6A6545C315DC}.ReleaseStudio|Win32.ActiveCfg = ReleaseStudio|Win32
		{63DB8347-940B-4A05-8975-6A6545C315DC}.ReleaseStudio|Win32.Build.0 = ReleaseStudio|Win32
		{63DB8347-940B-4A05-8975-6A6545C315DC}.ReleaseTest|Durango.ActiveCfg = ReleaseTest|Win32
		{63DB8347-940B-4A05-8975-6A6545C315DC}.ReleaseTest|Durango.Build.0 = ReleaseTest|Win32
		{63DB8347-940B-4A05-8975-6A6545C315DC}.ReleaseTest|Win32.ActiveCfg = ReleaseTest|Win32
		{63DB8347-940B-4A05-8975-6A6545C315DC}.ReleaseTest|Win32.Build.0 = ReleaseTest|Win32
		{43AFCF25-5133-4978-8B2C-D02EE0EEE199}.Debug|Durango.ActiveCfg = Debug|Win32
		{43AFCF25-5133-4978-8B2C-D02EE0EEE199}.Debug|Durango.Build.0 = Debug|Win32
		{43AFCF25-5133-4978-8B2C-D02EE0EEE199}.Debug|Win32.ActiveCfg = Debug|Win32
		{43AFCF25-5133-4978-8B2C-D02EE0EEE199}.Debug|Win32.Build.0 = Debug|Win32
		{43AFCF25-5133-4978-8B2C-D02EE0EEE199}.DebugRcc|Durango.ActiveCfg = Debug|Win32
		{43AFCF25-5133-4978-8B2C-D02EE0EEE199}.DebugRcc|Durango.Build.0 = Debug|Win32
		{43AFCF25-5133-4978-8B2C-D02EE0EEE199}.DebugRcc|Win32.ActiveCfg = Debug|Win32
		{43AFCF25-5133-4978-8B2C-D02EE0EEE199}.DebugRcc|Win32.Build.0 = Debug|Win32
		{43AFCF25-5133-4978-8B2C-D02EE0EEE199}.DebugStudio|Durango.ActiveCfg = Debug|Win32
		{43AFCF25-5133-4978-8B2C-D02EE0EEE199}.DebugStudio|Durango.Build.0 = Debug|Win32
		{43AFCF25-5133-4978-8B2C-D02EE0EEE199}.DebugStudio|Win32.ActiveCfg = Debug|Win32
		{43AFCF25-5133-4978-8B2C-D02EE0EEE199}.DebugStudio|Win32.Build.0 = Debug|Win32
		{43AFCF25-5133-4978-8B2C-D02EE0EEE199}.NoOpt|Durango.ActiveCfg = NoOpt|Win32
		{43AFCF25-5133-4978-8B2C-D02EE0EEE199}.NoOpt|Win32.ActiveCfg = NoOpt|Win32
		{43AFCF25-5133-4978-8B2C-D02EE0EEE199}.NoOpt|Win32.Build.0 = NoOpt|Win32
		{43AFCF25-5133-4978-8B2C-D02EE0EEE199}.NoOptRcc|Durango.ActiveCfg = NoOpt|Win32
		{43AFCF25-5133-4978-8B2C-D02EE0EEE199}.NoOptRcc|Durango.Build.0 = NoOpt|Win32
		{43AFCF25-5133-4978-8B2C-D02EE0EEE199}.NoOptRcc|Win32.ActiveCfg = NoOpt|Win32
		{43AFCF25-5133-4978-8B2C-D02EE0EEE199}.NoOptRcc|Win32.Build.0 = NoOpt|Win32
		{43AFCF25-5133-4978-8B2C-D02EE0EEE199}.NoOptStudio|Durango.ActiveCfg = NoOpt|Win32
		{43AFCF25-5133-4978-8B2C-D02EE0EEE199}.NoOptStudio|Durango.Build.0 = NoOpt|Win32
		{43AFCF25-5133-4978-8B2C-D02EE0EEE199}.NoOptStudio|Win32.ActiveCfg = NoOpt|Win32
		{43AFCF25-5133-4978-8B2C-D02EE0EEE199}.NoOptStudio|Win32.Build.0 = NoOpt|Win32
		{43AFCF25-5133-4978-8B2C-D02EE0EEE199}.Profile|Durango.ActiveCfg = Release|Win32
		{43AFCF25-5133-4978-8B2C-D02EE0EEE199}.Profile|Win32.ActiveCfg = ReleaseTest|Win32
		{43AFCF25-5133-4978-8B2C-D02EE0EEE199}.Profile|Win32.Build.0 = ReleaseTest|Win32
		{43AFCF25-5133-4978-8B2C-D02EE0EEE199}.Release|Durango.ActiveCfg = Release|Win32
		{43AFCF25-5133-4978-8B2C-D02EE0EEE199}.Release|Win32.ActiveCfg = Release|Win32
		{43AFCF25-5133-4978-8B2C-D02EE0EEE199}.Release|Win32.Build.0 = Release|Win32
		{43AFCF25-5133-4978-8B2C-D02EE0EEE199}.ReleaseRcc|Durango.ActiveCfg = Release|Win32
		{43AFCF25-5133-4978-8B2C-D02EE0EEE199}.ReleaseRcc|Durango.Build.0 = Release|Win32
		{43AFCF25-5133-4978-8B2C-D02EE0EEE199}.ReleaseRcc|Win32.ActiveCfg = Release|Win32
		{43AFCF25-5133-4978-8B2C-D02EE0EEE199}.ReleaseRcc|Win32.Build.0 = Release|Win32
		{43AFCF25-5133-4978-8B2C-D02EE0EEE199}.ReleaseStudio|Durango.ActiveCfg = Release|Win32
		{43AFCF25-5133-4978-8B2C-D02EE0EEE199}.ReleaseStudio|Durango.Build.0 = Release|Win32
		{43AFCF25-5133-4978-8B2C-D02EE0EEE199}.ReleaseStudio|Win32.ActiveCfg = Release|Win32
		{43AFCF25-5133-4978-8B2C-D02EE0EEE199}.ReleaseStudio|Win32.Build.0 = Release|Win32
		{43AFCF25-5133-4978-8B2C-D02EE0EEE199}.ReleaseTest|Durango.ActiveCfg = ReleaseTest|Win32
		{43AFCF25-5133-4978-8B2C-D02EE0EEE199}.ReleaseTest|Durango.Build.0 = ReleaseTest|Win32
		{43AFCF25-5133-4978-8B2C-D02EE0EEE199}.ReleaseTest|Win32.ActiveCfg = ReleaseTest|Win32
		{43AFCF25-5133-4978-8B2C-D02EE0EEE199}.ReleaseTest|Win32.Build.0 = ReleaseTest|Win32
		{9B9EB5C6-15D1-4765-BCC7-8A42F2C9F6CC}.Debug|Durango.ActiveCfg = Debug|Win32
		{9B9EB5C6-15D1-4765-BCC7-8A42F2C9F6CC}.Debug|Durango.Build.0 = Debug|Win32
		{9B9EB5C6-15D1-4765-BCC7-8A42F2C9F6CC}.Debug|Win32.ActiveCfg = Debug|Win32
		{9B9EB5C6-15D1-4765-BCC7-8A42F2C9F6CC}.Debug|Win32.Build.0 = Debug|Win32
		{9B9EB5C6-15D1-4765-BCC7-8A42F2C9F6CC}.DebugRcc|Durango.ActiveCfg = DebugRcc|Win32
		{9B9EB5C6-15D1-4765-BCC7-8A42F2C9F6CC}.DebugRcc|Durango.Build.0 = DebugRcc|Win32
		{9B9EB5C6-15D1-4765-BCC7-8A42F2C9F6CC}.DebugRcc|Win32.ActiveCfg = DebugRcc|Win32
		{9B9EB5C6-15D1-4765-BCC7-8A42F2C9F6CC}.DebugRcc|Win32.Build.0 = DebugRcc|Win32
		{9B9EB5C6-15D1-4765-BCC7-8A42F2C9F6CC}.DebugStudio|Durango.ActiveCfg = DebugStudio|Win32
		{9B9EB5C6-15D1-4765-BCC7-8A42F2C9F6CC}.DebugStudio|Durango.Build.0 = DebugStudio|Win32
		{9B9EB5C6-15D1-4765-BCC7-8A42F2C9F6CC}.DebugStudio|Win32.ActiveCfg = DebugStudio|Win32
		{9B9EB5C6-15D1-4765-BCC7-8A42F2C9F6CC}.DebugStudio|Win32.Build.0 = DebugStudio|Win32
		{9B9EB5C6-15D1-4765-BCC7-8A42F2C9F6CC}.NoOpt|Durango.ActiveCfg = NoOpt|Win32
		{9B9EB5C6-15D1-4765-BCC7-8A42F2C9F6CC}.NoOpt|Win32.ActiveCfg = NoOpt|Win32
		{9B9EB5C6-15D1-4765-BCC7-8A42F2C9F6CC}.NoOpt|Win32.Build.0 = NoOpt|Win32
		{9B9EB5C6-15D1-4765-BCC7-8A42F2C9F6CC}.NoOptRcc|Durango.ActiveCfg = NoOptRcc|Win32
		{9B9EB5C6-15D1-4765-BCC7-8A42F2C9F6CC}.NoOptRcc|Durango.Build.0 = NoOptRcc|Win32
		{9B9EB5C6-15D1-4765-BCC7-8A42F2C9F6CC}.NoOptRcc|Win32.ActiveCfg = NoOptRcc|Win32
		{9B9EB5C6-15D1-4765-BCC7-8A42F2C9F6CC}.NoOptRcc|Win32.Build.0 = NoOptRcc|Win32
		{9B9EB5C6-15D1-4765-BCC7-8A42F2C9F6CC}.NoOptStudio|Durango.ActiveCfg = NoOptStudio|Win32
		{9B9EB5C6-15D1-4765-BCC7-8A42F2C9F6CC}.NoOptStudio|Durango.Build.0 = NoOptStudio|Win32
		{9B9EB5C6-15D1-4765-BCC7-8A42F2C9F6CC}.NoOptStudio|Win32.ActiveCfg = NoOptStudio|Win32
		{9B9EB5C6-15D1-4765-BCC7-8A42F2C9F6CC}.NoOptStudio|Win32.Build.0 = NoOptStudio|Win32
		{9B9EB5C6-15D1-4765-BCC7-8A42F2C9F6CC}.Profile|Durango.ActiveCfg = ReleaseTest|Win32
		{9B9EB5C6-15D1-4765-BCC7-8A42F2C9F6CC}.Profile|Win32.ActiveCfg = ReleaseTest|Win32
		{9B9EB5C6-15D1-4765-BCC7-8A42F2C9F6CC}.Profile|Win32.Build.0 = ReleaseTest|Win32
		{9B9EB5C6-15D1-4765-BCC7-8A42F2C9F6CC}.Release|Durango.ActiveCfg = Release|Win32
		{9B9EB5C6-15D1-4765-BCC7-8A42F2C9F6CC}.Release|Win32.ActiveCfg = Release|Win32
		{9B9EB5C6-15D1-4765-BCC7-8A42F2C9F6CC}.Release|Win32.Build.0 = Release|Win32
		{9B9EB5C6-15D1-4765-BCC7-8A42F2C9F6CC}.ReleaseRcc|Durango.ActiveCfg = ReleaseRcc|Win32
		{9B9EB5C6-15D1-4765-BCC7-8A42F2C9F6CC}.ReleaseRcc|Durango.Build.0 = ReleaseRcc|Win32
		{9B9EB5C6-15D1-4765-BCC7-8A42F2C9F6CC}.ReleaseRcc|Win32.ActiveCfg = ReleaseRcc|Win32
		{9B9EB5C6-15D1-4765-BCC7-8A42F2C9F6CC}.ReleaseRcc|Win32.Build.0 = ReleaseRcc|Win32
		{9B9EB5C6-15D1-4765-BCC7-8A42F2C9F6CC}.ReleaseStudio|Durango.ActiveCfg = ReleaseStudio|Win32
		{9B9EB5C6-15D1-4765-BCC7-8A42F2C9F6CC}.ReleaseStudio|Durango.Build.0 = ReleaseStudio|Win32
		{9B9EB5C6-15D1-4765-BCC7-8A42F2C9F6CC}.ReleaseStudio|Win32.ActiveCfg = ReleaseStudio|Win32
		{9B9EB5C6-15D1-4765-BCC7-8A42F2C9F6CC}.ReleaseStudio|Win32.Build.0 = ReleaseStudio|Win32
		{9B9EB5C6-15D1-4765-BCC7-8A42F2C9F6CC}.ReleaseTest|Durango.ActiveCfg = ReleaseTest|Win32
		{9B9EB5C6-15D1-4765-BCC7-8A42F2C9F6CC}.ReleaseTest|Durango.Build.0 = ReleaseTest|Win32
		{9B9EB5C6-15D1-4765-BCC7-8A42F2C9F6CC}.ReleaseTest|Win32.ActiveCfg = ReleaseTest|Win32
		{9B9EB5C6-15D1-4765-BCC7-8A42F2C9F6CC}.ReleaseTest|Win32.Build.0 = ReleaseTest|Win32
		{6DD8FDCA-DB72-4886-AF4A-4A85611EDF37}.Debug|Durango.ActiveCfg = Debug|Win32
		{6DD8FDCA-DB72-4886-AF4A-4A85611EDF37}.Debug|Durango.Build.0 = Debug|Win32
		{6DD8FDCA-DB72-4886-AF4A-4A85611EDF37}.Debug|Win32.ActiveCfg = Debug|Win32
		{6DD8FDCA-DB72-4886-AF4A-4A85611EDF37}.Debug|Win32.Build.0 = Debug|Win32
		{6DD8FDCA-DB72-4886-AF4A-4A85611EDF37}.DebugRcc|Durango.ActiveCfg = Debug|Win32
		{6DD8FDCA-DB72-4886-AF4A-4A85611EDF37}.DebugRcc|Durango.Build.0 = Debug|Win32
		{6DD8FDCA-DB72-4886-AF4A-4A85611EDF37}.DebugRcc|Win32.ActiveCfg = Debug|Win32
		{6DD8FDCA-DB72-4886-AF4A-4A85611EDF37}.DebugRcc|Win32.Build.0 = Debug|Win32
		{6DD8FDCA-DB72-4886-AF4A-4A85611EDF37}.DebugStudio|Durango.ActiveCfg = Debug|Win32
		{6DD8FDCA-DB72-4886-AF4A-4A85611EDF37}.DebugStudio|Win32.ActiveCfg = Debug|Win32
		{6DD8FDCA-DB72-4886-AF4A-4A85611EDF37}.NoOpt|Durango.ActiveCfg = NoOpt|Win32
		{6DD8FDCA-DB72-4886-AF4A-4A85611EDF37}.NoOpt|Win32.ActiveCfg = NoOpt|Win32
		{6DD8FDCA-DB72-4886-AF4A-4A85611EDF37}.NoOpt|Win32.Build.0 = NoOpt|Win32
		{6DD8FDCA-DB72-4886-AF4A-4A85611EDF37}.NoOptRcc|Durango.ActiveCfg = NoOpt|Win32
		{6DD8FDCA-DB72-4886-AF4A-4A85611EDF37}.NoOptRcc|Durango.Build.0 = NoOpt|Win32
		{6DD8FDCA-DB72-4886-AF4A-4A85611EDF37}.NoOptRcc|Win32.ActiveCfg = NoOpt|Win32
		{6DD8FDCA-DB72-4886-AF4A-4A85611EDF37}.NoOptRcc|Win32.Build.0 = NoOpt|Win32
		{6DD8FDCA-DB72-4886-AF4A-4A85611EDF37}.NoOptStudio|Durango.ActiveCfg = NoOpt|Win32
		{6DD8FDCA-DB72-4886-AF4A-4A85611EDF37}.NoOptStudio|Win32.ActiveCfg = NoOpt|Win32
		{6DD8FDCA-DB72-4886-AF4A-4A85611EDF37}.Profile|Durango.ActiveCfg = ReleaseTest|Win32
		{6DD8FDCA-DB72-4886-AF4A-4A85611EDF37}.Profile|Win32.ActiveCfg = ReleaseTest|Win32
		{6DD8FDCA-DB72-4886-AF4A-4A85611EDF37}.Profile|Win32.Build.0 = ReleaseTest|Win32
		{6DD8FDCA-DB72-4886-AF4A-4A85611EDF37}.Release|Durango.ActiveCfg = Release|Win32
		{6DD8FDCA-DB72-4886-AF4A-4A85611EDF37}.Release|Win32.ActiveCfg = Release|Win32
		{6DD8FDCA-DB72-4886-AF4A-4A85611EDF37}.Release|Win32.Build.0 = Release|Win32
		{6DD8FDCA-DB72-4886-AF4A-4A85611EDF37}.ReleaseRcc|Durango.ActiveCfg = Release|Win32
		{6DD8FDCA-DB72-4886-AF4A-4A85611EDF37}.ReleaseRcc|Durango.Build.0 = Release|Win32
		{6DD8FDCA-DB72-4886-AF4A-4A85611EDF37}.ReleaseRcc|Win32.ActiveCfg = Release|Win32
		{6DD8FDCA-DB72-4886-AF4A-4A85611EDF37}.ReleaseRcc|Win32.Build.0 = Release|Win32
		{6DD8FDCA-DB72-4886-AF4A-4A85611EDF37}.ReleaseStudio|Durango.ActiveCfg = Release|Win32
		{6DD8FDCA-DB72-4886-AF4A-4A85611EDF37}.ReleaseStudio|Win32.ActiveCfg = Release|Win32
		{6DD8FDCA-DB72-4886-AF4A-4A85611EDF37}.ReleaseTest|Durango.ActiveCfg = ReleaseTest|Win32
		{6DD8FDCA-DB72-4886-AF4A-4A85611EDF37}.ReleaseTest|Durango.Build.0 = ReleaseTest|Win32
		{6DD8FDCA-DB72-4886-AF4A-4A85611EDF37}.ReleaseTest|Win32.ActiveCfg = ReleaseTest|Win32
		{6DD8FDCA-DB72-4886-AF4A-4A85611EDF37}.ReleaseTest|Win32.Build.0 = ReleaseTest|Win32
		{3025C00A-7746-469B-A279-96127C72ABEE}.Debug|Durango.ActiveCfg = Debug|Win32
		{3025C00A-7746-469B-A279-96127C72ABEE}.Debug|Durango.Build.0 = Debug|Win32
		{3025C00A-7746-469B-A279-96127C72ABEE}.Debug|Win32.ActiveCfg = Debug|Win32
		{3025C00A-7746-469B-A279-96127C72ABEE}.Debug|Win32.Build.0 = Debug|Win32
		{3025C00A-7746-469B-A279-96127C72ABEE}.DebugRcc|Durango.ActiveCfg = Debug|Win32
		{3025C00A-7746-469B-A279-96127C72ABEE}.DebugRcc|Durango.Build.0 = Debug|Win32
		{3025C00A-7746-469B-A279-96127C72ABEE}.DebugRcc|Win32.ActiveCfg = Debug|Win32
		{3025C00A-7746-469B-A279-96127C72ABEE}.DebugRcc|Win32.Build.0 = Debug|Win32
		{3025C00A-7746-469B-A279-96127C72ABEE}.DebugStudio|Durango.ActiveCfg = Debug|Win32
		{3025C00A-7746-469B-A279-96127C72ABEE}.DebugStudio|Durango.Build.0 = Debug|Win32
		{3025C00A-7746-469B-A279-96127C72ABEE}.DebugStudio|Win32.ActiveCfg = Debug|Win32
		{3025C00A-7746-469B-A279-96127C72ABEE}.DebugStudio|Win32.Build.0 = Debug|Win32
		{3025C00A-7746-469B-A279-96127C72ABEE}.NoOpt|Durango.ActiveCfg = ReleaseTest|Win32
		{3025C00A-7746-469B-A279-96127C72ABEE}.NoOpt|Win32.ActiveCfg = Release|Win32
		{3025C00A-7746-469B-A279-96127C72ABEE}.NoOpt|Win32.Build.0 = Release|Win32
		{3025C00A-7746-469B-A279-96127C72ABEE}.NoOptRcc|Durango.ActiveCfg = Release|Win32
		{3025C00A-7746-469B-A279-96127C72ABEE}.NoOptRcc|Durango.Build.0 = Release|Win32
		{3025C00A-7746-469B-A279-96127C72ABEE}.NoOptRcc|Win32.ActiveCfg = Release|Win32
		{3025C00A-7746-469B-A279-96127C72ABEE}.NoOptRcc|Win32.Build.0 = Release|Win32
		{3025C00A-7746-469B-A279-96127C72ABEE}.NoOptStudio|Durango.ActiveCfg = Release|Win32
		{3025C00A-7746-469B-A279-96127C72ABEE}.NoOptStudio|Durango.Build.0 = Release|Win32
		{3025C00A-7746-469B-A279-96127C72ABEE}.NoOptStudio|Win32.ActiveCfg = Release|Win32
		{3025C00A-7746-469B-A279-96127C72ABEE}.NoOptStudio|Win32.Build.0 = Release|Win32
		{3025C00A-7746-469B-A279-96127C72ABEE}.Profile|Durango.ActiveCfg = ReleaseTest|Win32
		{3025C00A-7746-469B-A279-96127C72ABEE}.Profile|Win32.ActiveCfg = ReleaseTest|Win32
		{3025C00A-7746-469B-A279-96127C72ABEE}.Profile|Win32.Build.0 = ReleaseTest|Win32
		{3025C00A-7746-469B-A279-96127C72ABEE}.Release|Durango.ActiveCfg = Release|Win32
		{3025C00A-7746-469B-A279-96127C72ABEE}.Release|Win32.ActiveCfg = Release|Win32
		{3025C00A-7746-469B-A279-96127C72ABEE}.Release|Win32.Build.0 = Release|Win32
		{3025C00A-7746-469B-A279-96127C72ABEE}.ReleaseRcc|Durango.ActiveCfg = Release|Win32
		{3025C00A-7746-469B-A279-96127C72ABEE}.ReleaseRcc|Durango.Build.0 = Release|Win32
		{3025C00A-7746-469B-A279-96127C72ABEE}.ReleaseRcc|Win32.ActiveCfg = Release|Win32
		{3025C00A-7746-469B-A279-96127C72ABEE}.ReleaseRcc|Win32.Build.0 = Release|Win32
		{3025C00A-7746-469B-A279-96127C72ABEE}.ReleaseStudio|Durango.ActiveCfg = Release|Win32
		{3025C00A-7746-469B-A279-96127C72ABEE}.ReleaseStudio|Durango.Build.0 = Release|Win32
		{3025C00A-7746-469B-A279-96127C72ABEE}.ReleaseStudio|Win32.ActiveCfg = Release|Win32
		{3025C00A-7746-469B-A279-96127C72ABEE}.ReleaseStudio|Win32.Build.0 = Release|Win32
		{3025C00A-7746-469B-A279-96127C72ABEE}.ReleaseTest|Durango.ActiveCfg = ReleaseTest|Win32
		{3025C00A-7746-469B-A279-96127C72ABEE}.ReleaseTest|Durango.Build.0 = ReleaseTest|Win32
		{3025C00A-7746-469B-A279-96127C72ABEE}.ReleaseTest|Win32.ActiveCfg = ReleaseTest|Win32
		{3025C00A-7746-469B-A279-96127C72ABEE}.ReleaseTest|Win32.Build.0 = ReleaseTest|Win32
		{5423BFB6-D3EB-4B00-A82B-38001EB8745F}.Debug|Durango.ActiveCfg = Debug|Win32
		{5423BFB6-D3EB-4B00-A82B-38001EB8745F}.Debug|Durango.Build.0 = Debug|Win32
		{5423BFB6-D3EB-4B00-A82B-38001EB8745F}.Debug|Win32.ActiveCfg = Debug|Win32
		{5423BFB6-D3EB-4B00-A82B-38001EB8745F}.Debug|Win32.Build.0 = Debug|Win32
		{5423BFB6-D3EB-4B00-A82B-38001EB8745F}.DebugRcc|Durango.ActiveCfg = Debug|Win32
		{5423BFB6-D3EB-4B00-A82B-38001EB8745F}.DebugRcc|Durango.Build.0 = Debug|Win32
		{5423BFB6-D3EB-4B00-A82B-38001EB8745F}.DebugRcc|Win32.ActiveCfg = Debug|Win32
		{5423BFB6-D3EB-4B00-A82B-38001EB8745F}.DebugRcc|Win32.Build.0 = Debug|Win32
		{5423BFB6-D3EB-4B00-A82B-38001EB8745F}.DebugStudio|Durango.ActiveCfg = Debug|Win32
		{5423BFB6-D3EB-4B00-A82B-38001EB8745F}.DebugStudio|Durango.Build.0 = Debug|Win32
		{5423BFB6-D3EB-4B00-A82B-38001EB8745F}.DebugStudio|Win32.ActiveCfg = Debug|Win32
		{5423BFB6-D3EB-4B00-A82B-38001EB8745F}.DebugStudio|Win32.Build.0 = Debug|Win32
		{5423BFB6-D3EB-4B00-A82B-38001EB8745F}.NoOpt|Durango.ActiveCfg = Release|Win32
		{5423BFB6-D3EB-4B00-A82B-38001EB8745F}.NoOpt|Win32.ActiveCfg = Release|Win32
		{5423BFB6-D3EB-4B00-A82B-38001EB8745F}.NoOpt|Win32.Build.0 = Release|Win32
		{5423BFB6-D3EB-4B00-A82B-38001EB8745F}.NoOptRcc|Durango.ActiveCfg = Release|Win32
		{5423BFB6-D3EB-4B00-A82B-38001EB8745F}.NoOptRcc|Durango.Build.0 = Release|Win32
		{5423BFB6-D3EB-4B00-A82B-38001EB8745F}.NoOptRcc|Win32.ActiveCfg = Release|Win32
		{5423BFB6-D3EB-4B00-A82B-38001EB8745F}.NoOptRcc|Win32.Build.0 = Release|Win32
		{5423BFB6-D3EB-4B00-A82B-38001EB8745F}.NoOptStudio|Durango.ActiveCfg = Release|Win32
		{5423BFB6-D3EB-4B00-A82B-38001EB8745F}.NoOptStudio|Durango.Build.0 = Release|Win32
		{5423BFB6-D3EB-4B00-A82B-38001EB8745F}.NoOptStudio|Win32.ActiveCfg = Release|Win32
		{5423BFB6-D3EB-4B00-A82B-38001EB8745F}.NoOptStudio|Win32.Build.0 = Release|Win32
		{5423BFB6-D3EB-4B00-A82B-38001EB8745F}.Profile|Durango.ActiveCfg = Release|Win32
		{5423BFB6-D3EB-4B00-A82B-38001EB8745F}.Profile|Win32.ActiveCfg = Release|Win32
		{5423BFB6-D3EB-4B00-A82B-38001EB8745F}.Profile|Win32.Build.0 = Release|Win32
		{5423BFB6-D3EB-4B00-A82B-38001EB8745F}.Release|Durango.ActiveCfg = Release|Win32
		{5423BFB6-D3EB-4B00-A82B-38001EB8745F}.Release|Win32.ActiveCfg = Release|Win32
		{5423BFB6-D3EB-4B00-A82B-38001EB8745F}.Release|Win32.Build.0 = Release|Win32
		{5423BFB6-D3EB-4B00-A82B-38001EB8745F}.ReleaseRcc|Durango.ActiveCfg = Release|Win32
		{5423BFB6-D3EB-4B00-A82B-38001EB8745F}.ReleaseRcc|Durango.Build.0 = Release|Win32
		{5423BFB6-D3EB-4B00-A82B-38001EB8745F}.ReleaseRcc|Win32.ActiveCfg = Release|Win32
		{5423BFB6-D3EB-4B00-A82B-38001EB8745F}.ReleaseRcc|Win32.Build.0 = Release|Win32
		{5423BFB6-D3EB-4B00-A82B-38001EB8745F}.ReleaseStudio|Durango.ActiveCfg = Release|Win32
		{5423BFB6-D3EB-4B00-A82B-38001EB8745F}.ReleaseStudio|Durango.Build.0 = Release|Win32
		{5423BFB6-D3EB-4B00-A82B-38001EB8745F}.ReleaseStudio|Win32.ActiveCfg = Release|Win32
		{5423BFB6-D3EB-4B00-A82B-38001EB8745F}.ReleaseStudio|Win32.Build.0 = Release|Win32
		{5423BFB6-D3EB-4B00-A82B-38001EB8745F}.ReleaseTest|Durango.ActiveCfg = Release|Win32
		{5423BFB6-D3EB-4B00-A82B-38001EB8745F}.ReleaseTest|Durango.Build.0 = Release|Win32
		{5423BFB6-D3EB-4B00-A82B-38001EB8745F}.ReleaseTest|Win32.ActiveCfg = Release|Win32
		{5423BFB6-D3EB-4B00-A82B-38001EB8745F}.ReleaseTest|Win32.Build.0 = Release|Win32
		{55B54C4C-1951-4D6B-AF5A-794214553001}.Debug|Durango.ActiveCfg = Debug|Win32
		{55B54C4C-1951-4D6B-AF5A-794214553001}.Debug|Durango.Build.0 = Debug|Win32
		{55B54C4C-1951-4D6B-AF5A-794214553001}.Debug|Win32.ActiveCfg = Debug|Win32
		{55B54C4C-1951-4D6B-AF5A-794214553001}.Debug|Win32.Build.0 = Debug|Win32
		{55B54C4C-1951-4D6B-AF5A-794214553001}.DebugRcc|Durango.ActiveCfg = Debug|Win32
		{55B54C4C-1951-4D6B-AF5A-794214553001}.DebugRcc|Durango.Build.0 = Debug|Win32
		{55B54C4C-1951-4D6B-AF5A-794214553001}.DebugRcc|Win32.ActiveCfg = Debug|Win32
		{55B54C4C-1951-4D6B-AF5A-794214553001}.DebugRcc|Win32.Build.0 = Debug|Win32
		{55B54C4C-1951-4D6B-AF5A-794214553001}.DebugStudio|Durango.ActiveCfg = Debug|Win32
		{55B54C4C-1951-4D6B-AF5A-794214553001}.DebugStudio|Durango.Build.0 = Debug|Win32
		{55B54C4C-1951-4D6B-AF5A-794214553001}.DebugStudio|Win32.ActiveCfg = Debug|Win32
		{55B54C4C-1951-4D6B-AF5A-794214553001}.DebugStudio|Win32.Build.0 = Debug|Win32
		{55B54C4C-1951-4D6B-AF5A-794214553001}.NoOpt|Durango.ActiveCfg = Release|Win32
		{55B54C4C-1951-4D6B-AF5A-794214553001}.NoOpt|Win32.ActiveCfg = Release|Win32
		{55B54C4C-1951-4D6B-AF5A-794214553001}.NoOpt|Win32.Build.0 = Release|Win32
		{55B54C4C-1951-4D6B-AF5A-794214553001}.NoOptRcc|Durango.ActiveCfg = Release|Win32
		{55B54C4C-1951-4D6B-AF5A-794214553001}.NoOptRcc|Durango.Build.0 = Release|Win32
		{55B54C4C-1951-4D6B-AF5A-794214553001}.NoOptRcc|Win32.ActiveCfg = Release|Win32
		{55B54C4C-1951-4D6B-AF5A-794214553001}.NoOptRcc|Win32.Build.0 = Release|Win32
		{55B54C4C-1951-4D6B-AF5A-794214553001}.NoOptStudio|Durango.ActiveCfg = Release|Win32
		{55B54C4C-1951-4D6B-AF5A-794214553001}.NoOptStudio|Durango.Build.0 = Release|Win32
		{55B54C4C-1951-4D6B-AF5A-794214553001}.NoOptStudio|Win32.ActiveCfg = Release|Win32
		{55B54C4C-1951-4D6B-AF5A-794214553001}.NoOptStudio|Win32.Build.0 = Release|Win32
		{55B54C4C-1951-4D6B-AF5A-794214553001}.Profile|Durango.ActiveCfg = Release|Win32
		{55B54C4C-1951-4D6B-AF5A-794214553001}.Profile|Win32.ActiveCfg = Release|Win32
		{55B54C4C-1951-4D6B-AF5A-794214553001}.Profile|Win32.Build.0 = Release|Win32
		{55B54C4C-1951-4D6B-AF5A-794214553001}.Release|Durango.ActiveCfg = Release|Win32
		{55B54C4C-1951-4D6B-AF5A-794214553001}.Release|Win32.ActiveCfg = Release|Win32
		{55B54C4C-1951-4D6B-AF5A-794214553001}.Release|Win32.Build.0 = Release|Win32
		{55B54C4C-1951-4D6B-AF5A-794214553001}.ReleaseRcc|Durango.ActiveCfg = Release|Win32
		{55B54C4C-1951-4D6B-AF5A-794214553001}.ReleaseRcc|Durango.Build.0 = Release|Win32
		{55B54C4C-1951-4D6B-AF5A-794214553001}.ReleaseRcc|Win32.ActiveCfg = Release|Win32
		{55B54C4C-1951-4D6B-AF5A-794214553001}.ReleaseRcc|Win32.Build.0 = Release|Win32
		{55B54C4C-1951-4D6B-AF5A-794214553001}.ReleaseStudio|Durango.ActiveCfg = Release|Win32
		{55B54C4C-1951-4D6B-AF5A-794214553001}.ReleaseStudio|Durango.Build.0 = Release|Win32
		{55B54C4C-1951-4D6B-AF5A-794214553001}.ReleaseStudio|Win32.ActiveCfg = Release|Win32
		{55B54C4C-1951-4D6B-AF5A-794214553001}.ReleaseStudio|Win32.Build.0 = Release|Win32
		{55B54C4C-1951-4D6B-AF5A-794214553001}.ReleaseTest|Durango.ActiveCfg = Release|Win32
		{55B54C4C-1951-4D6B-AF5A-794214553001}.ReleaseTest|Durango.Build.0 = Release|Win32
		{55B54C4C-1951-4D6B-AF5A-794214553001}.ReleaseTest|Win32.ActiveCfg = Release|Win32
		{55B54C4C-1951-4D6B-AF5A-794214553001}.ReleaseTest|Win32.Build.0 = Release|Win32
		{857DE167-1ED8-4E4D-955A-5CC5CC3944C1}.Debug|Durango.ActiveCfg = Debug|Win32
		{857DE167-1ED8-4E4D-955A-5CC5CC3944C1}.Debug|Durango.Build.0 = Debug|Win32
		{857DE167-1ED8-4E4D-955A-5CC5CC3944C1}.Debug|Win32.ActiveCfg = Debug|Win32
		{857DE167-1ED8-4E4D-955A-5CC5CC3944C1}.Debug|Win32.Build.0 = Debug|Win32
		{857DE167-1ED8-4E4D-955A-5CC5CC3944C1}.DebugRcc|Durango.ActiveCfg = Debug|Win32
		{857DE167-1ED8-4E4D-955A-5CC5CC3944C1}.DebugRcc|Durango.Build.0 = Debug|Win32
		{857DE167-1ED8-4E4D-955A-5CC5CC3944C1}.DebugRcc|Win32.ActiveCfg = Debug|Win32
		{857DE167-1ED8-4E4D-955A-5CC5CC3944C1}.DebugRcc|Win32.Build.0 = Debug|Win32
		{857DE167-1ED8-4E4D-955A-5CC5CC3944C1}.DebugStudio|Durango.ActiveCfg = Debug|Win32
		{857DE167-1ED8-4E4D-955A-5CC5CC3944C1}.DebugStudio|Durango.Build.0 = Debug|Win32
		{857DE167-1ED8-4E4D-955A-5CC5CC3944C1}.DebugStudio|Win32.ActiveCfg = Debug|Win32
		{857DE167-1ED8-4E4D-955A-5CC5CC3944C1}.DebugStudio|Win32.Build.0 = Debug|Win32
		{857DE167-1ED8-4E4D-955A-5CC5CC3944C1}.NoOpt|Durango.ActiveCfg = NoOpt|Win32
		{857DE167-1ED8-4E4D-955A-5CC5CC3944C1}.NoOpt|Win32.ActiveCfg = NoOpt|Win32
		{857DE167-1ED8-4E4D-955A-5CC5CC3944C1}.NoOpt|Win32.Build.0 = NoOpt|Win32
		{857DE167-1ED8-4E4D-955A-5CC5CC3944C1}.NoOptRcc|Durango.ActiveCfg = NoOpt|Win32
		{857DE167-1ED8-4E4D-955A-5CC5CC3944C1}.NoOptRcc|Durango.Build.0 = NoOpt|Win32
		{857DE167-1ED8-4E4D-955A-5CC5CC3944C1}.NoOptRcc|Win32.ActiveCfg = NoOpt|Win32
		{857DE167-1ED8-4E4D-955A-5CC5CC3944C1}.NoOptRcc|Win32.Build.0 = NoOpt|Win32
		{857DE167-1ED8-4E4D-955A-5CC5CC3944C1}.NoOptStudio|Durango.ActiveCfg = NoOpt|Win32
		{857DE167-1ED8-4E4D-955A-5CC5CC3944C1}.NoOptStudio|Durango.Build.0 = NoOpt|Win32
		{857DE167-1ED8-4E4D-955A-5CC5CC3944C1}.NoOptStudio|Win32.ActiveCfg = NoOpt|Win32
		{857DE167-1ED8-4E4D-955A-5CC5CC3944C1}.NoOptStudio|Win32.Build.0 = NoOpt|Win32
		{857DE167-1ED8-4E4D-955A-5CC5CC3944C1}.Profile|Durango.ActiveCfg = Release|Win32
		{857DE167-1ED8-4E4D-955A-5CC5CC3944C1}.Profile|Win32.ActiveCfg = ReleaseTest|Win32
		{857DE167-1ED8-4E4D-955A-5CC5CC3944C1}.Profile|Win32.Build.0 = ReleaseTest|Win32
		{857DE167-1ED8-4E4D-955A-5CC5CC3944C1}.Release|Durango.ActiveCfg = Release|Win32
		{857DE167-1ED8-4E4D-955A-5CC5CC3944C1}.Release|Win32.ActiveCfg = Release|Win32
		{857DE167-1ED8-4E4D-955A-5CC5CC3944C1}.Release|Win32.Build.0 = Release|Win32
		{857DE167-1ED8-4E4D-955A-5CC5CC3944C1}.ReleaseRcc|Durango.ActiveCfg = Release|Win32
		{857DE167-1ED8-4E4D-955A-5CC5CC3944C1}.ReleaseRcc|Durango.Build.0 = Release|Win32
		{857DE167-1ED8-4E4D-955A-5CC5CC3944C1}.ReleaseRcc|Win32.ActiveCfg = Release|Win32
		{857DE167-1ED8-4E4D-955A-5CC5CC3944C1}.ReleaseRcc|Win32.Build.0 = Release|Win32
		{857DE167-1ED8-4E4D-955A-5CC5CC3944C1}.ReleaseStudio|Durango.ActiveCfg = Release|Win32
		{857DE167-1ED8-4E4D-955A-5CC5CC3944C1}.ReleaseStudio|Durango.Build.0 = Release|Win32
		{857DE167-1ED8-4E4D-955A-5CC5CC3944C1}.ReleaseStudio|Win32.ActiveCfg = Release|Win32
		{857DE167-1ED8-4E4D-955A-5CC5CC3944C1}.ReleaseStudio|Win32.Build.0 = Release|Win32
		{857DE167-1ED8-4E4D-955A-5CC5CC3944C1}.ReleaseTest|Durango.ActiveCfg = ReleaseTest|Win32
		{857DE167-1ED8-4E4D-955A-5CC5CC3944C1}.ReleaseTest|Durango.Build.0 = ReleaseTest|Win32
		{857DE167-1ED8-4E4D-955A-5CC5CC3944C1}.ReleaseTest|Win32.ActiveCfg = ReleaseTest|Win32
		{857DE167-1ED8-4E4D-955A-5CC5CC3944C1}.ReleaseTest|Win32.Build.0 = ReleaseTest|Win32
		{7D55BDAB-C90B-4B36-9B2C-AF8EF3E9129F}.Debug|Durango.ActiveCfg = Debug|Win32
		{7D55BDAB-C90B-4B36-9B2C-AF8EF3E9129F}.Debug|Durango.Build.0 = Debug|Win32
		{7D55BDAB-C90B-4B36-9B2C-AF8EF3E9129F}.Debug|Win32.ActiveCfg = Debug|Win32
		{7D55BDAB-C90B-4B36-9B2C-AF8EF3E9129F}.Debug|Win32.Build.0 = Debug|Win32
		{7D55BDAB-C90B-4B36-9B2C-AF8EF3E9129F}.DebugRcc|Durango.ActiveCfg = Debug|Win32
		{7D55BDAB-C90B-4B36-9B2C-AF8EF3E9129F}.DebugRcc|Durango.Build.0 = Debug|Win32
		{7D55BDAB-C90B-4B36-9B2C-AF8EF3E9129F}.DebugRcc|Win32.ActiveCfg = Debug|Win32
		{7D55BDAB-C90B-4B36-9B2C-AF8EF3E9129F}.DebugRcc|Win32.Build.0 = Debug|Win32
		{7D55BDAB-C90B-4B36-9B2C-AF8EF3E9129F}.DebugStudio|Durango.ActiveCfg = Debug|Win32
		{7D55BDAB-C90B-4B36-9B2C-AF8EF3E9129F}.DebugStudio|Durango.Build.0 = Debug|Win32
		{7D55BDAB-C90B-4B36-9B2C-AF8EF3E9129F}.DebugStudio|Win32.ActiveCfg = Debug|Win32
		{7D55BDAB-C90B-4B36-9B2C-AF8EF3E9129F}.DebugStudio|Win32.Build.0 = Debug|Win32
		{7D55BDAB-C90B-4B36-9B2C-AF8EF3E9129F}.NoOpt|Durango.ActiveCfg = Release|Win32
		{7D55BDAB-C90B-4B36-9B2C-AF8EF3E9129F}.NoOpt|Win32.ActiveCfg = Release|Win32
		{7D55BDAB-C90B-4B36-9B2C-AF8EF3E9129F}.NoOpt|Win32.Build.0 = Release|Win32
		{7D55BDAB-C90B-4B36-9B2C-AF8EF3E9129F}.NoOptRcc|Durango.ActiveCfg = Release|Win32
		{7D55BDAB-C90B-4B36-9B2C-AF8EF3E9129F}.NoOptRcc|Durango.Build.0 = Release|Win32
		{7D55BDAB-C90B-4B36-9B2C-AF8EF3E9129F}.NoOptRcc|Win32.ActiveCfg = Release|Win32
		{7D55BDAB-C90B-4B36-9B2C-AF8EF3E9129F}.NoOptRcc|Win32.Build.0 = Release|Win32
		{7D55BDAB-C90B-4B36-9B2C-AF8EF3E9129F}.NoOptStudio|Durango.ActiveCfg = Release|Win32
		{7D55BDAB-C90B-4B36-9B2C-AF8EF3E9129F}.NoOptStudio|Durango.Build.0 = Release|Win32
		{7D55BDAB-C90B-4B36-9B2C-AF8EF3E9129F}.NoOptStudio|Win32.ActiveCfg = Release|Win32
		{7D55BDAB-C90B-4B36-9B2C-AF8EF3E9129F}.NoOptStudio|Win32.Build.0 = Release|Win32
		{7D55BDAB-C90B-4B36-9B2C-AF8EF3E9129F}.Profile|Durango.ActiveCfg = Release|Win32
		{7D55BDAB-C90B-4B36-9B2C-AF8EF3E9129F}.Profile|Win32.ActiveCfg = Release|Win32
		{7D55BDAB-C90B-4B36-9B2C-AF8EF3E9129F}.Profile|Win32.Build.0 = Release|Win32
		{7D55BDAB-C90B-4B36-9B2C-AF8EF3E9129F}.Release|Durango.ActiveCfg = Release|Win32
		{7D55BDAB-C90B-4B36-9B2C-AF8EF3E9129F}.Release|Win32.ActiveCfg = Release|Win32
		{7D55BDAB-C90B-4B36-9B2C-AF8EF3E9129F}.Release|Win32.Build.0 = Release|Win32
		{7D55BDAB-C90B-4B36-9B2C-AF8EF3E9129F}.ReleaseRcc|Durango.ActiveCfg = Release|Win32
		{7D55BDAB-C90B-4B36-9B2C-AF8EF3E9129F}.ReleaseRcc|Durango.Build.0 = Release|Win32
		{7D55BDAB-C90B-4B36-9B2C-AF8EF3E9129F}.ReleaseRcc|Win32.ActiveCfg = Release|Win32
		{7D55BDAB-C90B-4B36-9B2C-AF8EF3E9129F}.ReleaseRcc|Win32.Build.0 = Release|Win32
		{7D55BDAB-C90B-4B36-9B2C-AF8EF3E9129F}.ReleaseStudio|Durango.ActiveCfg = Release|Win32
		{7D55BDAB-C90B-4B36-9B2C-AF8EF3E9129F}.ReleaseStudio|Durango.Build.0 = Release|Win32
		{7D55BDAB-C90B-4B36-9B2C-AF8EF3E9129F}.ReleaseStudio|Win32.ActiveCfg = Release|Win32
		{7D55BDAB-C90B-4B36-9B2C-AF8EF3E9129F}.ReleaseStudio|Win32.Build.0 = Release|Win32
		{7D55BDAB-C90B-4B36-9B2C-AF8EF3E9129F}.ReleaseTest|Durango.ActiveCfg = Release|Win32
		{7D55BDAB-C90B-4B36-9B2C-AF8EF3E9129F}.ReleaseTest|Durango.Build.0 = Release|Win32
		{7D55BDAB-C90B-4B36-9B2C-AF8EF3E9129F}.ReleaseTest|Win32.ActiveCfg = Release|Win32
		{7D55BDAB-C90B-4B36-9B2C-AF8EF3E9129F}.ReleaseTest|Win32.Build.0 = Release|Win32
		{05C08695-1ECA-489C-815D-D74D65F353F0}.Debug|Durango.ActiveCfg = Debug|Win32
		{05C08695-1ECA-489C-815D-D74D65F353F0}.Debug|Durango.Build.0 = Debug|Win32
		{05C08695-1ECA-489C-815D-D74D65F353F0}.Debug|Win32.ActiveCfg = Debug|Win32
		{05C08695-1ECA-489C-815D-D74D65F353F0}.Debug|Win32.Build.0 = Debug|Win32
		{05C08695-1ECA-489C-815D-D74D65F353F0}.DebugRcc|Durango.ActiveCfg = Debug|Win32
		{05C08695-1ECA-489C-815D-D74D65F353F0}.DebugRcc|Durango.Build.0 = Debug|Win32
		{05C08695-1ECA-489C-815D-D74D65F353F0}.DebugRcc|Win32.ActiveCfg = Debug|Win32
		{05C08695-1ECA-489C-815D-D74D65F353F0}.DebugRcc|Win32.Build.0 = Debug|Win32
		{05C08695-1ECA-489C-815D-D74D65F353F0}.DebugStudio|Durango.ActiveCfg = Debug|Win32
		{05C08695-1ECA-489C-815D-D74D65F353F0}.DebugStudio|Durango.Build.0 = Debug|Win32
		{05C08695-1ECA-489C-815D-D74D65F353F0}.DebugStudio|Win32.ActiveCfg = Debug|Win32
		{05C08695-1ECA-489C-815D-D74D65F353F0}.DebugStudio|Win32.Build.0 = Debug|Win32
		{05C08695-1ECA-489C-815D-D74D65F353F0}.NoOpt|Durango.ActiveCfg = Release|Win32
		{05C08695-1ECA-489C-815D-D74D65F353F0}.NoOpt|Win32.ActiveCfg = Release|Win32
		{05C08695-1ECA-489C-815D-D74D65F353F0}.NoOpt|Win32.Build.0 = Release|Win32
		{05C08695-1ECA-489C-815D-D74D65F353F0}.NoOptRcc|Durango.ActiveCfg = Release|Win32
		{05C08695-1ECA-489C-815D-D74D65F353F0}.NoOptRcc|Durango.Build.0 = Release|Win32
		{05C08695-1ECA-489C-815D-D74D65F353F0}.NoOptRcc|Win32.ActiveCfg = Release|Win32
		{05C08695-1ECA-489C-815D-D74D65F353F0}.NoOptRcc|Win32.Build.0 = Release|Win32
		{05C08695-1ECA-489C-815D-D74D65F353F0}.NoOptStudio|Durango.ActiveCfg = Release|Win32
		{05C08695-1ECA-489C-815D-D74D65F353F0}.NoOptStudio|Durango.Build.0 = Release|Win32
		{05C08695-1ECA-489C-815D-D74D65F353F0}.NoOptStudio|Win32.ActiveCfg = Release|Win32
		{05C08695-1ECA-489C-815D-D74D65F353F0}.NoOptStudio|Win32.Build.0 = Release|Win32
		{05C08695-1ECA-489C-815D-D74D65F353F0}.Profile|Durango.ActiveCfg = Release|Win32
		{05C08695-1ECA-489C-815D-D74D65F353F0}.Profile|Win32.ActiveCfg = Release|Win32
		{05C08695-1ECA-489C-815D-D74D65F353F0}.Profile|Win32.Build.0 = Release|Win32
		{05C08695-1ECA-489C-815D-D74D65F353F0}.Release|Durango.ActiveCfg = Release|Win32
		{05C08695-1ECA-489C-815D-D74D65F353F0}.Release|Win32.ActiveCfg = Release|Win32
		{05C08695-1ECA-489C-815D-D74D65F353F0}.Release|Win32.Build.0 = Release|Win32
		{05C08695-1ECA-489C-815D-D74D65F353F0}.ReleaseRcc|Durango.ActiveCfg = Release|Win32
		{05C08695-1ECA-489C-815D-D74D65F353F0}.ReleaseRcc|Durango.Build.0 = Release|Win32
		{05C08695-1ECA-489C-815D-D74D65F353F0}.ReleaseRcc|Win32.ActiveCfg = Release|Win32
		{05C08695-1ECA-489C-815D-D74D65F353F0}.ReleaseRcc|Win32.Build.0 = Release|Win32
		{05C08695-1ECA-489C-815D-D74D65F353F0}.ReleaseStudio|Durango.ActiveCfg = Release|Win32
		{05C08695-1ECA-489C-815D-D74D65F353F0}.ReleaseStudio|Durango.Build.0 = Release|Win32
		{05C08695-1ECA-489C-815D-D74D65F353F0}.ReleaseStudio|Win32.ActiveCfg = Release|Win32
		{05C08695-1ECA-489C-815D-D74D65F353F0}.ReleaseStudio|Win32.Build.0 = Release|Win32
		{05C08695-1ECA-489C-815D-D74D65F353F0}.ReleaseTest|Durango.ActiveCfg = Release|Win32
		{05C08695-1ECA-489C-815D-D74D65F353F0}.ReleaseTest|Durango.Build.0 = Release|Win32
		{05C08695-1ECA-489C-815D-D74D65F353F0}.ReleaseTest|Win32.ActiveCfg = Release|Win32
		{05C08695-1ECA-489C-815D-D74D65F353F0}.ReleaseTest|Win32.Build.0 = Release|Win32
		{CD53D30E-FCA9-4809-B7FF-3DBA2DAD46EB}.Debug|Durango.ActiveCfg = Debug|Win32
		{CD53D30E-FCA9-4809-B7FF-3DBA2DAD46EB}.Debug|Durango.Build.0 = Debug|Win32
		{CD53D30E-FCA9-4809-B7FF-3DBA2DAD46EB}.Debug|Win32.ActiveCfg = Debug|Win32
		{CD53D30E-FCA9-4809-B7FF-3DBA2DAD46EB}.Debug|Win32.Build.0 = Debug|Win32
		{CD53D30E-FCA9-4809-B7FF-3DBA2DAD46EB}.DebugRcc|Durango.ActiveCfg = Debug|Win32
		{CD53D30E-FCA9-4809-B7FF-3DBA2DAD46EB}.DebugRcc|Durango.Build.0 = Debug|Win32
		{CD53D30E-FCA9-4809-B7FF-3DBA2DAD46EB}.DebugRcc|Win32.ActiveCfg = Debug|Win32
		{CD53D30E-FCA9-4809-B7FF-3DBA2DAD46EB}.DebugRcc|Win32.Build.0 = Debug|Win32
		{CD53D30E-FCA9-4809-B7FF-3DBA2DAD46EB}.DebugStudio|Durango.ActiveCfg = Debug|Win32
		{CD53D30E-FCA9-4809-B7FF-3DBA2DAD46EB}.DebugStudio|Durango.Build.0 = Debug|Win32
		{CD53D30E-FCA9-4809-B7FF-3DBA2DAD46EB}.DebugStudio|Win32.ActiveCfg = Debug|Win32
		{CD53D30E-FCA9-4809-B7FF-3DBA2DAD46EB}.DebugStudio|Win32.Build.0 = Debug|Win32
		{CD53D30E-FCA9-4809-B7FF-3DBA2DAD46EB}.NoOpt|Durango.ActiveCfg = Release|Win32
		{CD53D30E-FCA9-4809-B7FF-3DBA2DAD46EB}.NoOpt|Win32.ActiveCfg = Release|Win32
		{CD53D30E-FCA9-4809-B7FF-3DBA2DAD46EB}.NoOpt|Win32.Build.0 = Release|Win32
		{CD53D30E-FCA9-4809-B7FF-3DBA2DAD46EB}.NoOptRcc|Durango.ActiveCfg = Release|Win32
		{CD53D30E-FCA9-4809-B7FF-3DBA2DAD46EB}.NoOptRcc|Durango.Build.0 = Release|Win32
		{CD53D30E-FCA9-4809-B7FF-3DBA2DAD46EB}.NoOptRcc|Win32.ActiveCfg = Release|Win32
		{CD53D30E-FCA9-4809-B7FF-3DBA2DAD46EB}.NoOptRcc|Win32.Build.0 = Release|Win32
		{CD53D30E-FCA9-4809-B7FF-3DBA2DAD46EB}.NoOptStudio|Durango.ActiveCfg = Release|Win32
		{CD53D30E-FCA9-4809-B7FF-3DBA2DAD46EB}.NoOptStudio|Durango.Build.0 = Release|Win32
		{CD53D30E-FCA9-4809-B7FF-3DBA2DAD46EB}.NoOptStudio|Win32.ActiveCfg = Release|Win32
		{CD53D30E-FCA9-4809-B7FF-3DBA2DAD46EB}.NoOptStudio|Win32.Build.0 = Release|Win32
		{CD53D30E-FCA9-4809-B7FF-3DBA2DAD46EB}.Profile|Durango.ActiveCfg = Release|Win32
		{CD53D30E-FCA9-4809-B7FF-3DBA2DAD46EB}.Profile|Win32.ActiveCfg = Release|Win32
		{CD53D30E-FCA9-4809-B7FF-3DBA2DAD46EB}.Profile|Win32.Build.0 = Release|Win32
		{CD53D30E-FCA9-4809-B7FF-3DBA2DAD46EB}.Release|Durango.ActiveCfg = Release|Win32
		{CD53D30E-FCA9-4809-B7FF-3DBA2DAD46EB}.Release|Win32.ActiveCfg = Release|Win32
		{CD53D30E-FCA9-4809-B7FF-3DBA2DAD46EB}.Release|Win32.Build.0 = Release|Win32
		{CD53D30E-FCA9-4809-B7FF-3DBA2DAD46EB}.ReleaseRcc|Durango.ActiveCfg = Release|Win32
		{CD53D30E-FCA9-4809-B7FF-3DBA2DAD46EB}.ReleaseRcc|Durango.Build.0 = Release|Win32
		{CD53D30E-FCA9-4809-B7FF-3DBA2DAD46EB}.ReleaseRcc|Win32.ActiveCfg = Release|Win32
		{CD53D30E-FCA9-4809-B7FF-3DBA2DAD46EB}.ReleaseRcc|Win32.Build.0 = Release|Win32
		{CD53D30E-FCA9-4809-B7FF-3DBA2DAD46EB}.ReleaseStudio|Durango.ActiveCfg = Release|Win32
		{CD53D30E-FCA9-4809-B7FF-3DBA2DAD46EB}.ReleaseStudio|Durango.Build.0 = Release|Win32
		{CD53D30E-FCA9-4809-B7FF-3DBA2DAD46EB}.ReleaseStudio|Win32.ActiveCfg = Release|Win32
		{CD53D30E-FCA9-4809-B7FF-3DBA2DAD46EB}.ReleaseStudio|Win32.Build.0 = Release|Win32
		{CD53D30E-FCA9-4809-B7FF-3DBA2DAD46EB}.ReleaseTest|Durango.ActiveCfg = Release|Win32
		{CD53D30E-FCA9-4809-B7FF-3DBA2DAD46EB}.ReleaseTest|Durango.Build.0 = Release|Win32
		{CD53D30E-FCA9-4809-B7FF-3DBA2DAD46EB}.ReleaseTest|Win32.ActiveCfg = Release|Win32
		{CD53D30E-FCA9-4809-B7FF-3DBA2DAD46EB}.ReleaseTest|Win32.Build.0 = Release|Win32
		{1A12F1B1-AE89-4549-A46C-2069E95C329D}.Debug|Durango.ActiveCfg = Debug|Win32
		{1A12F1B1-AE89-4549-A46C-2069E95C329D}.Debug|Win32.ActiveCfg = Debug|Win32
		{1A12F1B1-AE89-4549-A46C-2069E95C329D}.DebugRcc|Durango.ActiveCfg = Debug|Win32
		{1A12F1B1-AE89-4549-A46C-2069E95C329D}.DebugRcc|Win32.ActiveCfg = Debug|Win32
		{1A12F1B1-AE89-4549-A46C-2069E95C329D}.DebugStudio|Durango.ActiveCfg = Debug|Win32
		{1A12F1B1-AE89-4549-A46C-2069E95C329D}.DebugStudio|Durango.Build.0 = Debug|Win32
		{1A12F1B1-AE89-4549-A46C-2069E95C329D}.DebugStudio|Win32.ActiveCfg = Debug|Win32
		{1A12F1B1-AE89-4549-A46C-2069E95C329D}.DebugStudio|Win32.Build.0 = Debug|Win32
		{1A12F1B1-AE89-4549-A46C-2069E95C329D}.NoOpt|Durango.ActiveCfg = NoOpt|Win32
		{1A12F1B1-AE89-4549-A46C-2069E95C329D}.NoOpt|Win32.ActiveCfg = NoOpt|Win32
		{1A12F1B1-AE89-4549-A46C-2069E95C329D}.NoOptRcc|Durango.ActiveCfg = NoOpt|Win32
		{1A12F1B1-AE89-4549-A46C-2069E95C329D}.NoOptRcc|Win32.ActiveCfg = NoOpt|Win32
		{1A12F1B1-AE89-4549-A46C-2069E95C329D}.NoOptStudio|Durango.ActiveCfg = NoOpt|Win32
		{1A12F1B1-AE89-4549-A46C-2069E95C329D}.NoOptStudio|Durango.Build.0 = NoOpt|Win32
		{1A12F1B1-AE89-4549-A46C-2069E95C329D}.NoOptStudio|Win32.ActiveCfg = NoOpt|Win32
		{1A12F1B1-AE89-4549-A46C-2069E95C329D}.NoOptStudio|Win32.Build.0 = NoOpt|Win32
		{1A12F1B1-AE89-4549-A46C-2069E95C329D}.Profile|Durango.ActiveCfg = ReleaseTest|Win32
		{1A12F1B1-AE89-4549-A46C-2069E95C329D}.Profile|Win32.ActiveCfg = ReleaseTest|Win32
		{1A12F1B1-AE89-4549-A46C-2069E95C329D}.Profile|Win32.Build.0 = ReleaseTest|Win32
		{1A12F1B1-AE89-4549-A46C-2069E95C329D}.Release|Durango.ActiveCfg = Release|Win32
		{1A12F1B1-AE89-4549-A46C-2069E95C329D}.Release|Win32.ActiveCfg = Release|Win32
		{1A12F1B1-AE89-4549-A46C-2069E95C329D}.ReleaseRcc|Durango.ActiveCfg = Release|Win32
		{1A12F1B1-AE89-4549-A46C-2069E95C329D}.ReleaseRcc|Win32.ActiveCfg = Release|Win32
		{1A12F1B1-AE89-4549-A46C-2069E95C329D}.ReleaseStudio|Durango.ActiveCfg = Release|Win32
		{1A12F1B1-AE89-4549-A46C-2069E95C329D}.ReleaseStudio|Durango.Build.0 = Release|Win32
		{1A12F1B1-AE89-4549-A46C-2069E95C329D}.ReleaseStudio|Win32.ActiveCfg = Release|Win32
		{1A12F1B1-AE89-4549-A46C-2069E95C329D}.ReleaseStudio|Win32.Build.0 = Release|Win32
		{1A12F1B1-AE89-4549-A46C-2069E95C329D}.ReleaseTest|Durango.ActiveCfg = ReleaseTest|Win32
		{1A12F1B1-AE89-4549-A46C-2069E95C329D}.ReleaseTest|Durango.Build.0 = ReleaseTest|Win32
		{1A12F1B1-AE89-4549-A46C-2069E95C329D}.ReleaseTest|Win32.ActiveCfg = ReleaseTest|Win32
		{1A12F1B1-AE89-4549-A46C-2069E95C329D}.ReleaseTest|Win32.Build.0 = ReleaseTest|Win32
		{9980F6C3-B64D-4775-8793-BB6DDE31CE82}.Debug|Durango.ActiveCfg = Debug|Win32
		{9980F6C3-B64D-4775-8793-BB6DDE31CE82}.Debug|Durango.Build.0 = Debug|Win32
		{9980F6C3-B64D-4775-8793-BB6DDE31CE82}.Debug|Win32.ActiveCfg = Debug|Win32
		{9980F6C3-B64D-4775-8793-BB6DDE31CE82}.Debug|Win32.Build.0 = Debug|Win32
		{9980F6C3-B64D-4775-8793-BB6DDE31CE82}.DebugRcc|Durango.ActiveCfg = Debug|Win32
		{9980F6C3-B64D-4775-8793-BB6DDE31CE82}.DebugRcc|Durango.Build.0 = Debug|Win32
		{9980F6C3-B64D-4775-8793-BB6DDE31CE82}.DebugRcc|Win32.ActiveCfg = Debug|Win32
		{9980F6C3-B64D-4775-8793-BB6DDE31CE82}.DebugRcc|Win32.Build.0 = Debug|Win32
		{9980F6C3-B64D-4775-8793-BB6DDE31CE82}.DebugStudio|Durango.ActiveCfg = Debug|Win32
		{9980F6C3-B64D-4775-8793-BB6DDE31CE82}.DebugStudio|Durango.Build.0 = Debug|Win32
		{9980F6C3-B64D-4775-8793-BB6DDE31CE82}.DebugStudio|Win32.ActiveCfg = Debug|Win32
		{9980F6C3-B64D-4775-8793-BB6DDE31CE82}.DebugStudio|Win32.Build.0 = Debug|Win32
		{9980F6C3-B64D-4775-8793-BB6DDE31CE82}.NoOpt|Durango.ActiveCfg = Release|Win32
		{9980F6C3-B64D-4775-8793-BB6DDE31CE82}.NoOpt|Win32.ActiveCfg = Release|Win32
		{9980F6C3-B64D-4775-8793-BB6DDE31CE82}.NoOpt|Win32.Build.0 = Release|Win32
		{9980F6C3-B64D-4775-8793-BB6DDE31CE82}.NoOptRcc|Durango.ActiveCfg = Release|Win32
		{9980F6C3-B64D-4775-8793-BB6DDE31CE82}.NoOptRcc|Durango.Build.0 = Release|Win32
		{9980F6C3-B64D-4775-8793-BB6DDE31CE82}.NoOptRcc|Win32.ActiveCfg = Release|Win32
		{9980F6C3-B64D-4775-8793-BB6DDE31CE82}.NoOptRcc|Win32.Build.0 = Release|Win32
		{9980F6C3-B64D-4775-8793-BB6DDE31CE82}.NoOptStudio|Durango.ActiveCfg = Release|Win32
		{9980F6C3-B64D-4775-8793-BB6DDE31CE82}.NoOptStudio|Durango.Build.0 = Release|Win32
		{9980F6C3-B64D-4775-8793-BB6DDE31CE82}.NoOptStudio|Win32.ActiveCfg = Release|Win32
		{9980F6C3-B64D-4775-8793-BB6DDE31CE82}.NoOptStudio|Win32.Build.0 = Release|Win32
		{9980F6C3-B64D-4775-8793-BB6DDE31CE82}.Profile|Durango.ActiveCfg = Release|Win32
		{9980F6C3-B64D-4775-8793-BB6DDE31CE82}.Profile|Win32.ActiveCfg = Release|Win32
		{9980F6C3-B64D-4775-8793-BB6DDE31CE82}.Profile|Win32.Build.0 = Release|Win32
		{9980F6C3-B64D-4775-8793-BB6DDE31CE82}.Release|Durango.ActiveCfg = Release|Win32
		{9980F6C3-B64D-4775-8793-BB6DDE31CE82}.Release|Win32.ActiveCfg = Release|Win32
		{9980F6C3-B64D-4775-8793-BB6DDE31CE82}.Release|Win32.Build.0 = Release|Win32
		{9980F6C3-B64D-4775-8793-BB6DDE31CE82}.ReleaseRcc|Durango.ActiveCfg = Release|Win32
		{9980F6C3-B64D-4775-8793-BB6DDE31CE82}.ReleaseRcc|Durango.Build.0 = Release|Win32
		{9980F6C3-B64D-4775-8793-BB6DDE31CE82}.ReleaseRcc|Win32.ActiveCfg = Release|Win32
		{9980F6C3-B64D-4775-8793-BB6DDE31CE82}.ReleaseRcc|Win32.Build.0 = Release|Win32
		{9980F6C3-B64D-4775-8793-BB6DDE31CE82}.ReleaseStudio|Durango.ActiveCfg = Release|Win32
		{9980F6C3-B64D-4775-8793-BB6DDE31CE82}.ReleaseStudio|Durango.Build.0 = Release|Win32
		{9980F6C3-B64D-4775-8793-BB6DDE31CE82}.ReleaseStudio|Win32.ActiveCfg = Release|Win32
		{9980F6C3-B64D-4775-8793-BB6DDE31CE82}.ReleaseStudio|Win32.Build.0 = Release|Win32
		{9980F6C3-B64D-4775-8793-BB6DDE31CE82}.ReleaseTest|Durango.ActiveCfg = Release|Win32
		{9980F6C3-B64D-4775-8793-BB6DDE31CE82}.ReleaseTest|Durango.Build.0 = Release|Win32
		{9980F6C3-B64D-4775-8793-BB6DDE31CE82}.ReleaseTest|Win32.ActiveCfg = Release|Win32
		{9980F6C3-B64D-4775-8793-BB6DDE31CE82}.ReleaseTest|Win32.Build.0 = Release|Win32
		{2475DDAB-E4F7-42BE-A5D4-58E2E070A34D}.Debug|Durango.ActiveCfg = Debug|Win32
		{2475DDAB-E4F7-42BE-A5D4-58E2E070A34D}.Debug|Durango.Build.0 = Debug|Win32
		{2475DDAB-E4F7-42BE-A5D4-58E2E070A34D}.Debug|Win32.ActiveCfg = Debug|Win32
		{2475DDAB-E4F7-42BE-A5D4-58E2E070A34D}.Debug|Win32.Build.0 = Debug|Win32
		{2475DDAB-E4F7-42BE-A5D4-58E2E070A34D}.DebugRcc|Durango.ActiveCfg = Debug|Win32
		{2475DDAB-E4F7-42BE-A5D4-58E2E070A34D}.DebugRcc|Durango.Build.0 = Debug|Win32
		{2475DDAB-E4F7-42BE-A5D4-58E2E070A34D}.DebugRcc|Win32.ActiveCfg = Debug|Win32
		{2475DDAB-E4F7-42BE-A5D4-58E2E070A34D}.DebugRcc|Win32.Build.0 = Debug|Win32
		{2475DDAB-E4F7-42BE-A5D4-58E2E070A34D}.DebugStudio|Durango.ActiveCfg = Debug|Win32
		{2475DDAB-E4F7-42BE-A5D4-58E2E070A34D}.DebugStudio|Win32.ActiveCfg = Debug|Win32
		{2475DDAB-E4F7-42BE-A5D4-58E2E070A34D}.NoOpt|Durango.ActiveCfg = NoOpt|Win32
		{2475DDAB-E4F7-42BE-A5D4-58E2E070A34D}.NoOpt|Win32.ActiveCfg = NoOpt|Win32
		{2475DDAB-E4F7-42BE-A5D4-58E2E070A34D}.NoOpt|Win32.Build.0 = NoOpt|Win32
		{2475DDAB-E4F7-42BE-A5D4-58E2E070A34D}.NoOptRcc|Durango.ActiveCfg = NoOpt|Win32
		{2475DDAB-E4F7-42BE-A5D4-58E2E070A34D}.NoOptRcc|Durango.Build.0 = NoOpt|Win32
		{2475DDAB-E4F7-42BE-A5D4-58E2E070A34D}.NoOptRcc|Win32.ActiveCfg = NoOpt|Win32
		{2475DDAB-E4F7-42BE-A5D4-58E2E070A34D}.NoOptRcc|Win32.Build.0 = NoOpt|Win32
		{2475DDAB-E4F7-42BE-A5D4-58E2E070A34D}.NoOptStudio|Durango.ActiveCfg = NoOpt|Win32
		{2475DDAB-E4F7-42BE-A5D4-58E2E070A34D}.NoOptStudio|Win32.ActiveCfg = NoOpt|Win32
		{2475DDAB-E4F7-42BE-A5D4-58E2E070A34D}.Profile|Durango.ActiveCfg = Release|Win32
		{2475DDAB-E4F7-42BE-A5D4-58E2E070A34D}.Profile|Win32.ActiveCfg = Release|Win32
		{2475DDAB-E4F7-42BE-A5D4-58E2E070A34D}.Profile|Win32.Build.0 = Release|Win32
		{2475DDAB-E4F7-42BE-A5D4-58E2E070A34D}.Release|Durango.ActiveCfg = Release|Win32
		{2475DDAB-E4F7-42BE-A5D4-58E2E070A34D}.Release|Win32.ActiveCfg = Release|Win32
		{2475DDAB-E4F7-42BE-A5D4-58E2E070A34D}.Release|Win32.Build.0 = Release|Win32
		{2475DDAB-E4F7-42BE-A5D4-58E2E070A34D}.ReleaseRcc|Durango.ActiveCfg = Release|Win32
		{2475DDAB-E4F7-42BE-A5D4-58E2E070A34D}.ReleaseRcc|Durango.Build.0 = Release|Win32
		{2475DDAB-E4F7-42BE-A5D4-58E2E070A34D}.ReleaseRcc|Win32.ActiveCfg = Release|Win32
		{2475DDAB-E4F7-42BE-A5D4-58E2E070A34D}.ReleaseRcc|Win32.Build.0 = Release|Win32
		{2475DDAB-E4F7-42BE-A5D4-58E2E070A34D}.ReleaseStudio|Durango.ActiveCfg = Release|Win32
		{2475DDAB-E4F7-42BE-A5D4-58E2E070A34D}.ReleaseStudio|Win32.ActiveCfg = Release|Win32
		{2475DDAB-E4F7-42BE-A5D4-58E2E070A34D}.ReleaseTest|Durango.ActiveCfg = Release|Win32
		{2475DDAB-E4F7-42BE-A5D4-58E2E070A34D}.ReleaseTest|Durango.Build.0 = Release|Win32
		{2475DDAB-E4F7-42BE-A5D4-58E2E070A34D}.ReleaseTest|Win32.ActiveCfg = Release|Win32
		{2475DDAB-E4F7-42BE-A5D4-58E2E070A34D}.ReleaseTest|Win32.Build.0 = Release|Win32
		{3A10C3EC-1B27-427E-B955-87EE6B176130}.Debug|Durango.ActiveCfg = Debug|Win32
		{3A10C3EC-1B27-427E-B955-87EE6B176130}.Debug|Durango.Build.0 = Debug|Win32
		{3A10C3EC-1B27-427E-B955-87EE6B176130}.Debug|Win32.ActiveCfg = Debug|Win32
		{3A10C3EC-1B27-427E-B955-87EE6B176130}.Debug|Win32.Build.0 = Debug|Win32
		{3A10C3EC-1B27-427E-B955-87EE6B176130}.DebugRcc|Durango.ActiveCfg = Debug|Win32
		{3A10C3EC-1B27-427E-B955-87EE6B176130}.DebugRcc|Durango.Build.0 = Debug|Win32
		{3A10C3EC-1B27-427E-B955-87EE6B176130}.DebugRcc|Win32.ActiveCfg = Debug|Win32
		{3A10C3EC-1B27-427E-B955-87EE6B176130}.DebugRcc|Win32.Build.0 = Debug|Win32
		{3A10C3EC-1B27-427E-B955-87EE6B176130}.DebugStudio|Durango.ActiveCfg = Debug|Win32
		{3A10C3EC-1B27-427E-B955-87EE6B176130}.DebugStudio|Durango.Build.0 = Debug|Win32
		{3A10C3EC-1B27-427E-B955-87EE6B176130}.DebugStudio|Win32.ActiveCfg = Debug|Win32
		{3A10C3EC-1B27-427E-B955-87EE6B176130}.DebugStudio|Win32.Build.0 = Debug|Win32
		{3A10C3EC-1B27-427E-B955-87EE6B176130}.NoOpt|Durango.ActiveCfg = NoOpt|Win32
		{3A10C3EC-1B27-427E-B955-87EE6B176130}.NoOpt|Win32.ActiveCfg = NoOpt|Win32
		{3A10C3EC-1B27-427E-B955-87EE6B176130}.NoOpt|Win32.Build.0 = NoOpt|Win32
		{3A10C3EC-1B27-427E-B955-87EE6B176130}.NoOptRcc|Durango.ActiveCfg = NoOpt|Win32
		{3A10C3EC-1B27-427E-B955-87EE6B176130}.NoOptRcc|Durango.Build.0 = NoOpt|Win32
		{3A10C3EC-1B27-427E-B955-87EE6B176130}.NoOptRcc|Win32.ActiveCfg = NoOpt|Win32
		{3A10C3EC-1B27-427E-B955-87EE6B176130}.NoOptRcc|Win32.Build.0 = NoOpt|Win32
		{3A10C3EC-1B27-427E-B955-87EE6B176130}.NoOptStudio|Durango.ActiveCfg = NoOpt|Win32
		{3A10C3EC-1B27-427E-B955-87EE6B176130}.NoOptStudio|Durango.Build.0 = NoOpt|Win32
		{3A10C3EC-1B27-427E-B955-87EE6B176130}.NoOptStudio|Win32.ActiveCfg = NoOpt|Win32
		{3A10C3EC-1B27-427E-B955-87EE6B176130}.NoOptStudio|Win32.Build.0 = NoOpt|Win32
		{3A10C3EC-1B27-427E-B955-87EE6B176130}.Profile|Durango.ActiveCfg = Release|Win32
		{3A10C3EC-1B27-427E-B955-87EE6B176130}.Profile|Win32.ActiveCfg = Release|Win32
		{3A10C3EC-1B27-427E-B955-87EE6B176130}.Profile|Win32.Build.0 = Release|Win32
		{3A10C3EC-1B27-427E-B955-87EE6B176130}.Release|Durango.ActiveCfg = Release|Win32
		{3A10C3EC-1B27-427E-B955-87EE6B176130}.Release|Win32.ActiveCfg = Release|Win32
		{3A10C3EC-1B27-427E-B955-87EE6B176130}.Release|Win32.Build.0 = Release|Win32
		{3A10C3EC-1B27-427E-B955-87EE6B176130}.ReleaseRcc|Durango.ActiveCfg = Release|Win32
		{3A10C3EC-1B27-427E-B955-87EE6B176130}.ReleaseRcc|Durango.Build.0 = Release|Win32
		{3A10C3EC-1B27-427E-B955-87EE6B176130}.ReleaseRcc|Win32.ActiveCfg = Release|Win32
		{3A10C3EC-1B27-427E-B955-87EE6B176130}.ReleaseRcc|Win32.Build.0 = Release|Win32
		{3A10C3EC-1B27-427E-B955-87EE6B176130}.ReleaseStudio|Durango.ActiveCfg = Release|Win32
		{3A10C3EC-1B27-427E-B955-87EE6B176130}.ReleaseStudio|Durango.Build.0 = Release|Win32
		{3A10C3EC-1B27-427E-B955-87EE6B176130}.ReleaseStudio|Win32.ActiveCfg = Release|Win32
		{3A10C3EC-1B27-427E-B955-87EE6B176130}.ReleaseStudio|Win32.Build.0 = Release|Win32
		{3A10C3EC-1B27-427E-B955-87EE6B176130}.ReleaseTest|Durango.ActiveCfg = Release|Win32
		{3A10C3EC-1B27-427E-B955-87EE6B176130}.ReleaseTest|Durango.Build.0 = Release|Win32
		{3A10C3EC-1B27-427E-B955-87EE6B176130}.ReleaseTest|Win32.ActiveCfg = Release|Win32
		{3A10C3EC-1B27-427E-B955-87EE6B176130}.ReleaseTest|Win32.Build.0 = Release|Win32
		{9B7CCE5D-2877-4321-8910-3C8E3936F62F}.Debug|Durango.ActiveCfg = Debug|Win32
		{9B7CCE5D-2877-4321-8910-3C8E3936F62F}.Debug|Durango.Build.0 = Debug|Win32
		{9B7CCE5D-2877-4321-8910-3C8E3936F62F}.Debug|Win32.ActiveCfg = Debug|Win32
		{9B7CCE5D-2877-4321-8910-3C8E3936F62F}.Debug|Win32.Build.0 = Debug|Win32
		{9B7CCE5D-2877-4321-8910-3C8E3936F62F}.DebugRcc|Durango.ActiveCfg = Debug|Win32
		{9B7CCE5D-2877-4321-8910-3C8E3936F62F}.DebugRcc|Durango.Build.0 = Debug|Win32
		{9B7CCE5D-2877-4321-8910-3C8E3936F62F}.DebugRcc|Win32.ActiveCfg = Debug|Win32
		{9B7CCE5D-2877-4321-8910-3C8E3936F62F}.DebugRcc|Win32.Build.0 = Debug|Win32
		{9B7CCE5D-2877-4321-8910-3C8E3936F62F}.DebugStudio|Durango.ActiveCfg = Debug|Win32
		{9B7CCE5D-2877-4321-8910-3C8E3936F62F}.DebugStudio|Durango.Build.0 = Debug|Win32
		{9B7CCE5D-2877-4321-8910-3C8E3936F62F}.DebugStudio|Win32.ActiveCfg = Debug|Win32
		{9B7CCE5D-2877-4321-8910-3C8E3936F62F}.DebugStudio|Win32.Build.0 = Debug|Win32
		{9B7CCE5D-2877-4321-8910-3C8E3936F62F}.NoOpt|Durango.ActiveCfg = NoOpt|Win32
		{9B7CCE5D-2877-4321-8910-3C8E3936F62F}.NoOpt|Win32.ActiveCfg = NoOpt|Win32
		{9B7CCE5D-2877-4321-8910-3C8E3936F62F}.NoOpt|Win32.Build.0 = NoOpt|Win32
		{9B7CCE5D-2877-4321-8910-3C8E3936F62F}.NoOptRcc|Durango.ActiveCfg = NoOpt|Win32
		{9B7CCE5D-2877-4321-8910-3C8E3936F62F}.NoOptRcc|Durango.Build.0 = NoOpt|Win32
		{9B7CCE5D-2877-4321-8910-3C8E3936F62F}.NoOptRcc|Win32.ActiveCfg = NoOpt|Win32
		{9B7CCE5D-2877-4321-8910-3C8E3936F62F}.NoOptRcc|Win32.Build.0 = NoOpt|Win32
		{9B7CCE5D-2877-4321-8910-3C8E3936F62F}.NoOptStudio|Durango.ActiveCfg = NoOpt|Win32
		{9B7CCE5D-2877-4321-8910-3C8E3936F62F}.NoOptStudio|Durango.Build.0 = NoOpt|Win32
		{9B7CCE5D-2877-4321-8910-3C8E3936F62F}.NoOptStudio|Win32.ActiveCfg = NoOpt|Win32
		{9B7CCE5D-2877-4321-8910-3C8E3936F62F}.NoOptStudio|Win32.Build.0 = NoOpt|Win32
		{9B7CCE5D-2877-4321-8910-3C8E3936F62F}.Profile|Durango.ActiveCfg = Release|Win32
		{9B7CCE5D-2877-4321-8910-3C8E3936F62F}.Profile|Win32.ActiveCfg = ReleaseTest|Win32
		{9B7CCE5D-2877-4321-8910-3C8E3936F62F}.Profile|Win32.Build.0 = ReleaseTest|Win32
		{9B7CCE5D-2877-4321-8910-3C8E3936F62F}.Release|Durango.ActiveCfg = Release|Win32
		{9B7CCE5D-2877-4321-8910-3C8E3936F62F}.Release|Win32.ActiveCfg = Release|Win32
		{9B7CCE5D-2877-4321-8910-3C8E3936F62F}.Release|Win32.Build.0 = Release|Win32
		{9B7CCE5D-2877-4321-8910-3C8E3936F62F}.ReleaseRcc|Durango.ActiveCfg = Release|Win32
		{9B7CCE5D-2877-4321-8910-3C8E3936F62F}.ReleaseRcc|Durango.Build.0 = Release|Win32
		{9B7CCE5D-2877-4321-8910-3C8E3936F62F}.ReleaseRcc|Win32.ActiveCfg = Release|Win32
		{9B7CCE5D-2877-4321-8910-3C8E3936F62F}.ReleaseRcc|Win32.Build.0 = Release|Win32
		{9B7CCE5D-2877-4321-8910-3C8E3936F62F}.ReleaseStudio|Durango.ActiveCfg = Release|Win32
		{9B7CCE5D-2877-4321-8910-3C8E3936F62F}.ReleaseStudio|Durango.Build.0 = Release|Win32
		{9B7CCE5D-2877-4321-8910-3C8E3936F62F}.ReleaseStudio|Win32.ActiveCfg = Release|Win32
		{9B7CCE5D-2877-4321-8910-3C8E3936F62F}.ReleaseStudio|Win32.Build.0 = Release|Win32
		{9B7CCE5D-2877-4321-8910-3C8E3936F62F}.ReleaseTest|Durango.ActiveCfg = ReleaseTest|Win32
		{9B7CCE5D-2877-4321-8910-3C8E3936F62F}.ReleaseTest|Durango.Build.0 = ReleaseTest|Win32
		{9B7CCE5D-2877-4321-8910-3C8E3936F62F}.ReleaseTest|Win32.ActiveCfg = ReleaseTest|Win32
		{9B7CCE5D-2877-4321-8910-3C8E3936F62F}.ReleaseTest|Win32.Build.0 = ReleaseTest|Win32
		{9B6C66F7-6887-44D3-AC5E-3C2BD94661FC}.Debug|Durango.ActiveCfg = Debug|Win32
		{9B6C66F7-6887-44D3-AC5E-3C2BD94661FC}.Debug|Durango.Build.0 = Debug|Win32
		{9B6C66F7-6887-44D3-AC5E-3C2BD94661FC}.Debug|Win32.ActiveCfg = Debug|Win32
		{9B6C66F7-6887-44D3-AC5E-3C2BD94661FC}.Debug|Win32.Build.0 = Debug|Win32
		{9B6C66F7-6887-44D3-AC5E-3C2BD94661FC}.DebugRcc|Durango.ActiveCfg = Debug|Win32
		{9B6C66F7-6887-44D3-AC5E-3C2BD94661FC}.DebugRcc|Durango.Build.0 = Debug|Win32
		{9B6C66F7-6887-44D3-AC5E-3C2BD94661FC}.DebugRcc|Win32.ActiveCfg = Debug|Win32
		{9B6C66F7-6887-44D3-AC5E-3C2BD94661FC}.DebugRcc|Win32.Build.0 = Debug|Win32
		{9B6C66F7-6887-44D3-AC5E-3C2BD94661FC}.DebugStudio|Durango.ActiveCfg = Debug|Win32
		{9B6C66F7-6887-44D3-AC5E-3C2BD94661FC}.DebugStudio|Durango.Build.0 = Debug|Win32
		{9B6C66F7-6887-44D3-AC5E-3C2BD94661FC}.DebugStudio|Win32.ActiveCfg = Debug|Win32
		{9B6C66F7-6887-44D3-AC5E-3C2BD94661FC}.DebugStudio|Win32.Build.0 = Debug|Win32
		{9B6C66F7-6887-44D3-AC5E-3C2BD94661FC}.NoOpt|Durango.ActiveCfg = NoOpt|Win32
		{9B6C66F7-6887-44D3-AC5E-3C2BD94661FC}.NoOpt|Win32.ActiveCfg = NoOpt|Win32
		{9B6C66F7-6887-44D3-AC5E-3C2BD94661FC}.NoOpt|Win32.Build.0 = NoOpt|Win32
		{9B6C66F7-6887-44D3-AC5E-3C2BD94661FC}.NoOptRcc|Durango.ActiveCfg = NoOpt|Win32
		{9B6C66F7-6887-44D3-AC5E-3C2BD94661FC}.NoOptRcc|Durango.Build.0 = NoOpt|Win32
		{9B6C66F7-6887-44D3-AC5E-3C2BD94661FC}.NoOptRcc|Win32.ActiveCfg = NoOpt|Win32
		{9B6C66F7-6887-44D3-AC5E-3C2BD94661FC}.NoOptRcc|Win32.Build.0 = NoOpt|Win32
		{9B6C66F7-6887-44D3-AC5E-3C2BD94661FC}.NoOptStudio|Durango.ActiveCfg = NoOpt|Win32
		{9B6C66F7-6887-44D3-AC5E-3C2BD94661FC}.NoOptStudio|Durango.Build.0 = NoOpt|Win32
		{9B6C66F7-6887-44D3-AC5E-3C2BD94661FC}.NoOptStudio|Win32.ActiveCfg = NoOpt|Win32
		{9B6C66F7-6887-44D3-AC5E-3C2BD94661FC}.NoOptStudio|Win32.Build.0 = NoOpt|Win32
		{9B6C66F7-6887-44D3-AC5E-3C2BD94661FC}.Profile|Durango.ActiveCfg = Release|Win32
		{9B6C66F7-6887-44D3-AC5E-3C2BD94661FC}.Profile|Win32.ActiveCfg = Release|Win32
		{9B6C66F7-6887-44D3-AC5E-3C2BD94661FC}.Profile|Win32.Build.0 = Release|Win32
		{9B6C66F7-6887-44D3-AC5E-3C2BD94661FC}.Release|Durango.ActiveCfg = Release|Win32
		{9B6C66F7-6887-44D3-AC5E-3C2BD94661FC}.Release|Win32.ActiveCfg = Release|Win32
		{9B6C66F7-6887-44D3-AC5E-3C2BD94661FC}.Release|Win32.Build.0 = Release|Win32
		{9B6C66F7-6887-44D3-AC5E-3C2BD94661FC}.ReleaseRcc|Durango.ActiveCfg = Release|Win32
		{9B6C66F7-6887-44D3-AC5E-3C2BD94661FC}.ReleaseRcc|Durango.Build.0 = Release|Win32
		{9B6C66F7-6887-44D3-AC5E-3C2BD94661FC}.ReleaseRcc|Win32.ActiveCfg = Release|Win32
		{9B6C66F7-6887-44D3-AC5E-3C2BD94661FC}.ReleaseRcc|Win32.Build.0 = Release|Win32
		{9B6C66F7-6887-44D3-AC5E-3C2BD94661FC}.ReleaseStudio|Durango.ActiveCfg = Release|Win32
		{9B6C66F7-6887-44D3-AC5E-3C2BD94661FC}.ReleaseStudio|Durango.Build.0 = Release|Win32
		{9B6C66F7-6887-44D3-AC5E-3C2BD94661FC}.ReleaseStudio|Win32.ActiveCfg = Release|Win32
		{9B6C66F7-6887-44D3-AC5E-3C2BD94661FC}.ReleaseStudio|Win32.Build.0 = Release|Win32
		{9B6C66F7-6887-44D3-AC5E-3C2BD94661FC}.ReleaseTest|Durango.ActiveCfg = Release|Win32
		{9B6C66F7-6887-44D3-AC5E-3C2BD94661FC}.ReleaseTest|Durango.Build.0 = Release|Win32
		{9B6C66F7-6887-44D3-AC5E-3C2BD94661FC}.ReleaseTest|Win32.ActiveCfg = Release|Win32
		{9B6C66F7-6887-44D3-AC5E-3C2BD94661FC}.ReleaseTest|Win32.Build.0 = Release|Win32
		{C9285114-DCC1-4E90-AA76-F590CEFB94C2}.Debug|Durango.ActiveCfg = Debug|Win32
		{C9285114-DCC1-4E90-AA76-F590CEFB94C2}.Debug|Durango.Build.0 = Debug|Win32
		{C9285114-DCC1-4E90-AA76-F590CEFB94C2}.Debug|Win32.ActiveCfg = Debug|Win32
		{C9285114-DCC1-4E90-AA76-F590CEFB94C2}.Debug|Win32.Build.0 = Debug|Win32
		{C9285114-DCC1-4E90-AA76-F590CEFB94C2}.DebugRcc|Durango.ActiveCfg = Debug|Win32
		{C9285114-DCC1-4E90-AA76-F590CEFB94C2}.DebugRcc|Durango.Build.0 = Debug|Win32
		{C9285114-DCC1-4E90-AA76-F590CEFB94C2}.DebugRcc|Win32.ActiveCfg = Debug|Win32
		{C9285114-DCC1-4E90-AA76-F590CEFB94C2}.DebugRcc|Win32.Build.0 = Debug|Win32
		{C9285114-DCC1-4E90-AA76-F590CEFB94C2}.DebugStudio|Durango.ActiveCfg = Debug|Win32
		{C9285114-DCC1-4E90-AA76-F590CEFB94C2}.DebugStudio|Durango.Build.0 = Debug|Win32
		{C9285114-DCC1-4E90-AA76-F590CEFB94C2}.DebugStudio|Win32.ActiveCfg = Debug|Win32
		{C9285114-DCC1-4E90-AA76-F590CEFB94C2}.DebugStudio|Win32.Build.0 = Debug|Win32
		{C9285114-DCC1-4E90-AA76-F590CEFB94C2}.NoOpt|Durango.ActiveCfg = NoOpt|Win32
		{C9285114-DCC1-4E90-AA76-F590CEFB94C2}.NoOpt|Win32.ActiveCfg = NoOpt|Win32
		{C9285114-DCC1-4E90-AA76-F590CEFB94C2}.NoOpt|Win32.Build.0 = NoOpt|Win32
		{C9285114-DCC1-4E90-AA76-F590CEFB94C2}.NoOptRcc|Durango.ActiveCfg = NoOpt|Win32
		{C9285114-DCC1-4E90-AA76-F590CEFB94C2}.NoOptRcc|Durango.Build.0 = NoOpt|Win32
		{C9285114-DCC1-4E90-AA76-F590CEFB94C2}.NoOptRcc|Win32.ActiveCfg = NoOpt|Win32
		{C9285114-DCC1-4E90-AA76-F590CEFB94C2}.NoOptRcc|Win32.Build.0 = NoOpt|Win32
		{C9285114-DCC1-4E90-AA76-F590CEFB94C2}.NoOptStudio|Durango.ActiveCfg = NoOpt|Win32
		{C9285114-DCC1-4E90-AA76-F590CEFB94C2}.NoOptStudio|Durango.Build.0 = NoOpt|Win32
		{C9285114-DCC1-4E90-AA76-F590CEFB94C2}.NoOptStudio|Win32.ActiveCfg = NoOpt|Win32
		{C9285114-DCC1-4E90-AA76-F590CEFB94C2}.NoOptStudio|Win32.Build.0 = NoOpt|Win32
		{C9285114-DCC1-4E90-AA76-F590CEFB94C2}.Profile|Durango.ActiveCfg = Release|Win32
		{C9285114-DCC1-4E90-AA76-F590CEFB94C2}.Profile|Win32.ActiveCfg = Release|Win32
		{C9285114-DCC1-4E90-AA76-F590CEFB94C2}.Profile|Win32.Build.0 = Release|Win32
		{C9285114-DCC1-4E90-AA76-F590CEFB94C2}.Release|Durango.ActiveCfg = Release|Win32
		{C9285114-DCC1-4E90-AA76-F590CEFB94C2}.Release|Win32.ActiveCfg = Release|Win32
		{C9285114-DCC1-4E90-AA76-F590CEFB94C2}.Release|Win32.Build.0 = Release|Win32
		{C9285114-DCC1-4E90-AA76-F590CEFB94C2}.ReleaseRcc|Durango.ActiveCfg = Release|Win32
		{C9285114-DCC1-4E90-AA76-F590CEFB94C2}.ReleaseRcc|Durango.Build.0 = Release|Win32
		{C9285114-DCC1-4E90-AA76-F590CEFB94C2}.ReleaseRcc|Win32.ActiveCfg = Release|Win32
		{C9285114-DCC1-4E90-AA76-F590CEFB94C2}.ReleaseRcc|Win32.Build.0 = Release|Win32
		{C9285114-DCC1-4E90-AA76-F590CEFB94C2}.ReleaseStudio|Durango.ActiveCfg = Release|Win32
		{C9285114-DCC1-4E90-AA76-F590CEFB94C2}.ReleaseStudio|Durango.Build.0 = Release|Win32
		{C9285114-DCC1-4E90-AA76-F590CEFB94C2}.ReleaseStudio|Win32.ActiveCfg = Release|Win32
		{C9285114-DCC1-4E90-AA76-F590CEFB94C2}.ReleaseStudio|Win32.Build.0 = Release|Win32
		{C9285114-DCC1-4E90-AA76-F590CEFB94C2}.ReleaseTest|Durango.ActiveCfg = Release|Win32
		{C9285114-DCC1-4E90-AA76-F590CEFB94C2}.ReleaseTest|Durango.Build.0 = Release|Win32
		{C9285114-DCC1-4E90-AA76-F590CEFB94C2}.ReleaseTest|Win32.ActiveCfg = Release|Win32
		{C9285114-DCC1-4E90-AA76-F590CEFB94C2}.ReleaseTest|Win32.Build.0 = Release|Win32
		{9C69C586-24E6-3711-AD09-74172A831A91}.Debug|Durango.ActiveCfg = Debug|Win32
		{9C69C586-24E6-3711-AD09-74172A831A91}.Debug|Durango.Build.0 = Debug|Win32
		{9C69C586-24E6-3711-AD09-74172A831A91}.Debug|Win32.ActiveCfg = Debug|Win32
		{9C69C586-24E6-3711-AD09-74172A831A91}.Debug|Win32.Build.0 = Debug|Win32
		{9C69C586-24E6-3711-AD09-74172A831A91}.DebugRcc|Durango.ActiveCfg = Debug|Win32
		{9C69C586-24E6-3711-AD09-74172A831A91}.DebugRcc|Durango.Build.0 = Debug|Win32
		{9C69C586-24E6-3711-AD09-74172A831A91}.DebugRcc|Win32.ActiveCfg = Debug|Win32
		{9C69C586-24E6-3711-AD09-74172A831A91}.DebugRcc|Win32.Build.0 = Debug|Win32
		{9C69C586-24E6-3711-AD09-74172A831A91}.DebugStudio|Durango.ActiveCfg = Debug|Win32
		{9C69C586-24E6-3711-AD09-74172A831A91}.DebugStudio|Durango.Build.0 = Debug|Win32
		{9C69C586-24E6-3711-AD09-74172A831A91}.DebugStudio|Win32.ActiveCfg = Debug|Win32
		{9C69C586-24E6-3711-AD09-74172A831A91}.DebugStudio|Win32.Build.0 = Debug|Win32
		{9C69C586-24E6-3711-AD09-74172A831A91}.NoOpt|Durango.ActiveCfg = Release|Win32
		{9C69C586-24E6-3711-AD09-74172A831A91}.NoOpt|Win32.ActiveCfg = Release|Win32
		{9C69C586-24E6-3711-AD09-74172A831A91}.NoOpt|Win32.Build.0 = Release|Win32
		{9C69C586-24E6-3711-AD09-74172A831A91}.NoOptRcc|Durango.ActiveCfg = Release|Win32
		{9C69C586-24E6-3711-AD09-74172A831A91}.NoOptRcc|Durango.Build.0 = Release|Win32
		{9C69C586-24E6-3711-AD09-74172A831A91}.NoOptRcc|Win32.ActiveCfg = Release|Win32
		{9C69C586-24E6-3711-AD09-74172A831A91}.NoOptRcc|Win32.Build.0 = Release|Win32
		{9C69C586-24E6-3711-AD09-74172A831A91}.NoOptStudio|Durango.ActiveCfg = Release|Win32
		{9C69C586-24E6-3711-AD09-74172A831A91}.NoOptStudio|Durango.Build.0 = Release|Win32
		{9C69C586-24E6-3711-AD09-74172A831A91}.NoOptStudio|Win32.ActiveCfg = Release|Win32
		{9C69C586-24E6-3711-AD09-74172A831A91}.NoOptStudio|Win32.Build.0 = Release|Win32
		{9C69C586-24E6-3711-AD09-74172A831A91}.Profile|Durango.ActiveCfg = Release|Win32
		{9C69C586-24E6-3711-AD09-74172A831A91}.Profile|Win32.ActiveCfg = Release|Win32
		{9C69C586-24E6-3711-AD09-74172A831A91}.Profile|Win32.Build.0 = Release|Win32
		{9C69C586-24E6-3711-AD09-74172A831A91}.Release|Durango.ActiveCfg = Release|Win32
		{9C69C586-24E6-3711-AD09-74172A831A91}.Release|Win32.ActiveCfg = Release|Win32
		{9C69C586-24E6-3711-AD09-74172A831A91}.Release|Win32.Build.0 = Release|Win32
		{9C69C586-24E6-3711-AD09-74172A831A91}.ReleaseRcc|Durango.ActiveCfg = Release|Win32
		{9C69C586-24E6-3711-AD09-74172A831A91}.ReleaseRcc|Durango.Build.0 = Release|Win32
		{9C69C586-24E6-3711-AD09-74172A831A91}.ReleaseRcc|Win32.ActiveCfg = Release|Win32
		{9C69C586-24E6-3711-AD09-74172A831A91}.ReleaseRcc|Win32.Build.0 = Release|Win32
		{9C69C586-24E6-3711-AD09-74172A831A91}.ReleaseStudio|Durango.ActiveCfg = Release|Win32
		{9C69C586-24E6-3711-AD09-74172A831A91}.ReleaseStudio|Durango.Build.0 = Release|Win32
		{9C69C586-24E6-3711-AD09-74172A831A91}.ReleaseStudio|Win32.ActiveCfg = Release|Win32
		{9C69C586-24E6-3711-AD09-74172A831A91}.ReleaseStudio|Win32.Build.0 = Release|Win32
		{9C69C586-24E6-3711-AD09-74172A831A91}.ReleaseTest|Durango.ActiveCfg = Release|Win32
		{9C69C586-24E6-3711-AD09-74172A831A91}.ReleaseTest|Durango.Build.0 = Release|Win32
		{9C69C586-24E6-3711-AD09-74172A831A91}.ReleaseTest|Win32.ActiveCfg = Release|Win32
		{9C69C586-24E6-3711-AD09-74172A831A91}.ReleaseTest|Win32.Build.0 = Release|Win32
		{BB0AF3CB-A723-4948-BC84-F9960876C5CE}.Debug|Durango.ActiveCfg = NoOpt|Win32
		{BB0AF3CB-A723-4948-BC84-F9960876C5CE}.Debug|Durango.Build.0 = NoOpt|Win32
		{BB0AF3CB-A723-4948-BC84-F9960876C5CE}.Debug|Win32.ActiveCfg = NoOpt|Win32
		{BB0AF3CB-A723-4948-BC84-F9960876C5CE}.DebugRcc|Durango.ActiveCfg = NoOpt|Win32
		{BB0AF3CB-A723-4948-BC84-F9960876C5CE}.DebugRcc|Durango.Build.0 = NoOpt|Win32
		{BB0AF3CB-A723-4948-BC84-F9960876C5CE}.DebugRcc|Win32.ActiveCfg = NoOpt|Win32
		{BB0AF3CB-A723-4948-BC84-F9960876C5CE}.DebugStudio|Durango.ActiveCfg = NoOpt|Win32
		{BB0AF3CB-A723-4948-BC84-F9960876C5CE}.DebugStudio|Durango.Build.0 = NoOpt|Win32
		{BB0AF3CB-A723-4948-BC84-F9960876C5CE}.DebugStudio|Win32.ActiveCfg = NoOpt|Win32
		{BB0AF3CB-A723-4948-BC84-F9960876C5CE}.NoOpt|Durango.ActiveCfg = NoOpt|Win32
		{BB0AF3CB-A723-4948-BC84-F9960876C5CE}.NoOpt|Win32.ActiveCfg = NoOpt|Win32
		{BB0AF3CB-A723-4948-BC84-F9960876C5CE}.NoOptRcc|Durango.ActiveCfg = NoOpt|Win32
		{BB0AF3CB-A723-4948-BC84-F9960876C5CE}.NoOptRcc|Durango.Build.0 = NoOpt|Win32
		{BB0AF3CB-A723-4948-BC84-F9960876C5CE}.NoOptRcc|Win32.ActiveCfg = NoOpt|Win32
		{BB0AF3CB-A723-4948-BC84-F9960876C5CE}.NoOptStudio|Durango.ActiveCfg = NoOpt|Win32
		{BB0AF3CB-A723-4948-BC84-F9960876C5CE}.NoOptStudio|Win32.ActiveCfg = NoOpt|Win32
		{BB0AF3CB-A723-4948-BC84-F9960876C5CE}.Profile|Durango.ActiveCfg = NoOpt|Win32
		{BB0AF3CB-A723-4948-BC84-F9960876C5CE}.Profile|Win32.ActiveCfg = NoOpt|Win32
		{BB0AF3CB-A723-4948-BC84-F9960876C5CE}.Profile|Win32.Build.0 = NoOpt|Win32
		{BB0AF3CB-A723-4948-BC84-F9960876C5CE}.Release|Durango.ActiveCfg = NoOpt|Win32
		{BB0AF3CB-A723-4948-BC84-F9960876C5CE}.Release|Win32.ActiveCfg = NoOpt|Win32
		{BB0AF3CB-A723-4948-BC84-F9960876C5CE}.ReleaseRcc|Durango.ActiveCfg = NoOpt|Win32
		{BB0AF3CB-A723-4948-BC84-F9960876C5CE}.ReleaseRcc|Durango.Build.0 = NoOpt|Win32
		{BB0AF3CB-A723-4948-BC84-F9960876C5CE}.ReleaseRcc|Win32.ActiveCfg = NoOpt|Win32
		{BB0AF3CB-A723-4948-BC84-F9960876C5CE}.ReleaseStudio|Durango.ActiveCfg = NoOpt|Win32
		{BB0AF3CB-A723-4948-BC84-F9960876C5CE}.ReleaseStudio|Durango.Build.0 = NoOpt|Win32
		{BB0AF3CB-A723-4948-BC84-F9960876C5CE}.ReleaseStudio|Win32.ActiveCfg = NoOpt|Win32
		{BB0AF3CB-A723-4948-BC84-F9960876C5CE}.ReleaseTest|Durango.ActiveCfg = NoOpt|Win32
		{BB0AF3CB-A723-4948-BC84-F9960876C5CE}.ReleaseTest|Durango.Build.0 = NoOpt|Win32
		{BB0AF3CB-A723-4948-BC84-F9960876C5CE}.ReleaseTest|Win32.ActiveCfg = NoOpt|Win32
		{85FF2E31-E863-40CC-B1D6-C6C1875EC5A1}.Debug|Durango.ActiveCfg = Debug|Win32
		{85FF2E31-E863-40CC-B1D6-C6C1875EC5A1}.Debug|Win32.ActiveCfg = Debug|Win32
		{85FF2E31-E863-40CC-B1D6-C6C1875EC5A1}.Debug|Win32.Build.0 = Debug|Win32
		{85FF2E31-E863-40CC-B1D6-C6C1875EC5A1}.DebugRcc|Durango.ActiveCfg = Debug|Win32
		{85FF2E31-E863-40CC-B1D6-C6C1875EC5A1}.DebugRcc|Win32.ActiveCfg = Debug|Win32
		{85FF2E31-E863-40CC-B1D6-C6C1875EC5A1}.DebugRcc|Win32.Build.0 = Debug|Win32
		{85FF2E31-E863-40CC-B1D6-C6C1875EC5A1}.DebugStudio|Durango.ActiveCfg = Debug|Win32
		{85FF2E31-E863-40CC-B1D6-C6C1875EC5A1}.DebugStudio|Win32.ActiveCfg = Debug|Win32
		{85FF2E31-E863-40CC-B1D6-C6C1875EC5A1}.DebugStudio|Win32.Build.0 = Debug|Win32
		{85FF2E31-E863-40CC-B1D6-C6C1875EC5A1}.NoOpt|Durango.ActiveCfg = Release|Win32
		{85FF2E31-E863-40CC-B1D6-C6C1875EC5A1}.NoOpt|Win32.ActiveCfg = Release|Win32
		{85FF2E31-E863-40CC-B1D6-C6C1875EC5A1}.NoOpt|Win32.Build.0 = Release|Win32
		{85FF2E31-E863-40CC-B1D6-C6C1875EC5A1}.NoOptRcc|Durango.ActiveCfg = Release|Win32
		{85FF2E31-E863-40CC-B1D6-C6C1875EC5A1}.NoOptRcc|Win32.ActiveCfg = Release|Win32
		{85FF2E31-E863-40CC-B1D6-C6C1875EC5A1}.NoOptRcc|Win32.Build.0 = Release|Win32
		{85FF2E31-E863-40CC-B1D6-C6C1875EC5A1}.NoOptStudio|Durango.ActiveCfg = Release|Win32
		{85FF2E31-E863-40CC-B1D6-C6C1875EC5A1}.NoOptStudio|Win32.ActiveCfg = Release|Win32
		{85FF2E31-E863-40CC-B1D6-C6C1875EC5A1}.NoOptStudio|Win32.Build.0 = Release|Win32
		{85FF2E31-E863-40CC-B1D6-C6C1875EC5A1}.Profile|Durango.ActiveCfg = Release|Win32
		{85FF2E31-E863-40CC-B1D6-C6C1875EC5A1}.Profile|Win32.ActiveCfg = Release|Win32
		{85FF2E31-E863-40CC-B1D6-C6C1875EC5A1}.Profile|Win32.Build.0 = Release|Win32
		{85FF2E31-E863-40CC-B1D6-C6C1875EC5A1}.Release|Durango.ActiveCfg = Release|Win32
		{85FF2E31-E863-40CC-B1D6-C6C1875EC5A1}.Release|Win32.ActiveCfg = Release|Win32
		{85FF2E31-E863-40CC-B1D6-C6C1875EC5A1}.Release|Win32.Build.0 = Release|Win32
		{85FF2E31-E863-40CC-B1D6-C6C1875EC5A1}.ReleaseRcc|Durango.ActiveCfg = Release|Win32
		{85FF2E31-E863-40CC-B1D6-C6C1875EC5A1}.ReleaseRcc|Win32.ActiveCfg = Release|Win32
		{85FF2E31-E863-40CC-B1D6-C6C1875EC5A1}.ReleaseRcc|Win32.Build.0 = Release|Win32
		{85FF2E31-E863-40CC-B1D6-C6C1875EC5A1}.ReleaseStudio|Durango.ActiveCfg = Release|Win32
		{85FF2E31-E863-40CC-B1D6-C6C1875EC5A1}.ReleaseStudio|Win32.ActiveCfg = Release|Win32
		{85FF2E31-E863-40CC-B1D6-C6C1875EC5A1}.ReleaseStudio|Win32.Build.0 = Release|Win32
		{85FF2E31-E863-40CC-B1D6-C6C1875EC5A1}.ReleaseTest|Durango.ActiveCfg = Release|Win32
		{85FF2E31-E863-40CC-B1D6-C6C1875EC5A1}.ReleaseTest|Win32.ActiveCfg = Release|Win32
		{85FF2E31-E863-40CC-B1D6-C6C1875EC5A1}.ReleaseTest|Win32.Build.0 = Release|Win32
	EndGlobalSection
	GlobalSection(SolutionProperties) = preSolution
		HideSolutionNode = FALSE
	EndGlobalSection
	GlobalSection(NestedProjects) = preSolution
		{43AFCF25-5133-4978-8B2C-D02EE0EEE199} = {6714DD30-5615-4BA1-A24B-41209F8C0349}
		{5423BFB6-D3EB-4B00-A82B-38001EB8745F} = {0E953883-6CEC-4DA1-8DFA-B105167E4256}
		{55B54C4C-1951-4D6B-AF5A-794214553001} = {0E953883-6CEC-4DA1-8DFA-B105167E4256}
		{857DE167-1ED8-4E4D-955A-5CC5CC3944C1} = {6714DD30-5615-4BA1-A24B-41209F8C0349}
		{7D55BDAB-C90B-4B36-9B2C-AF8EF3E9129F} = {6714DD30-5615-4BA1-A24B-41209F8C0349}
		{05C08695-1ECA-489C-815D-D74D65F353F0} = {6714DD30-5615-4BA1-A24B-41209F8C0349}
		{3A10C3EC-1B27-427E-B955-87EE6B176130} = {6714DD30-5615-4BA1-A24B-41209F8C0349}
		{9B7CCE5D-2877-4321-8910-3C8E3936F62F} = {6714DD30-5615-4BA1-A24B-41209F8C0349}
		{85FF2E31-E863-40CC-B1D6-C6C1875EC5A1} = {0E953883-6CEC-4DA1-8DFA-B105167E4256}
		{1944F28B-0F05-44CC-AB5D-A0BDC71A77D7} = {2B01FC36-180F-47D4-853F-06909E449FB9}
		{033A3FF9-B9F7-43E1-BC36-30E2018804EA} = {2B01FC36-180F-47D4-853F-06909E449FB9}
		{0E980035-8A25-4985-8EC4-0FE5814CA0C2} = {2B01FC36-180F-47D4-853F-06909E449FB9}
		{01AD2ECB-DCFE-4422-9509-03688CE593F2} = {1944F28B-0F05-44CC-AB5D-A0BDC71A77D7}
		{108FBA13-A0ED-4413-AB82-358376AE2C93} = {01AD2ECB-DCFE-4422-9509-03688CE593F2}
		{5686926E-36B6-4C17-9782-F36164D41C81} = {033A3FF9-B9F7-43E1-BC36-30E2018804EA}
		{1C3F4074-BAD7-4625-B75B-11B72F593CC3} = {033A3FF9-B9F7-43E1-BC36-30E2018804EA}
		{3F85C620-8EAF-4C35-A6A0-C92348A89792} = {1C3F4074-BAD7-4625-B75B-11B72F593CC3}
		{3F068FD2-B686-4759-8D1C-37B0773A7360} = {5686926E-36B6-4C17-9782-F36164D41C81}
		{158E1B39-8125-4F5A-A92F-A5575D958AD8} = {5686926E-36B6-4C17-9782-F36164D41C81}
	EndGlobalSection
	GlobalSection(ExtensibilityGlobals) = postSolution
		SolutionGuid = {732C7791-E72B-4F2C-82E7-B3224FC06D84}
	EndGlobalSection
	GlobalSection(TestCaseManagementSettings) = postSolution
		CategoryFile = Client5.vsmdi
	EndGlobalSection
EndGlobal
