<?xml version="1.0" encoding="utf-8"?>
<Project ToolsVersion="4.0" xmlns="http://schemas.microsoft.com/developer/msbuild/2003">
  <ItemGroup>
    <Filter Include="Source Files">
      <UniqueIdentifier>{4FC737F1-C7A5-4376-A066-2A32D752A2FF}</UniqueIdentifier>
      <Extensions>cpp;c;cc;cxx;def;odl;idl;hpj;bat;asm;asmx</Extensions>
    </Filter>
    <Filter Include="Source Files\Windows">
      <UniqueIdentifier>{38f2398a-e9e0-4148-800d-ed069b0a973d}</UniqueIdentifier>
    </Filter>
    <Filter Include="Header Files">
      <UniqueIdentifier>{93995380-89BD-4b04-88EB-625FBE52EBFB}</UniqueIdentifier>
      <Extensions>h;hpp;hxx;hm;inl;inc;xsd</Extensions>
    </Filter>
    <Filter Include="Header Files\Windows">
      <UniqueIdentifier>{e61c8499-c1d7-44e9-a515-4ba5af861f6f}</UniqueIdentifier>
    </Filter>
    <Filter Include="Resource Files">
      <UniqueIdentifier>{67DA6AB6-F800-4c08-8B7A-83BB121AAD01}</UniqueIdentifier>
      <Extensions>rc;ico;cur;bmp;dlg;rc2;rct;bin;rgs;gif;jpg;jpeg;jpe;resx;tiff;tif;png;wav</Extensions>
    </Filter>
    <Filter Include="Generated Files">
      <UniqueIdentifier>{6ec1a04d-9b40-448e-aa7c-97f187386869}</UniqueIdentifier>
    </Filter>
    <Filter Include="Libraries">
      <UniqueIdentifier>{f66640a5-b643-4be7-8c89-c6a8af2e3f1d}</UniqueIdentifier>
    </Filter>
    <Filter Include="Libraries\Debug">
      <UniqueIdentifier>{e88a7dbb-189b-41e8-963e-52227d9d53a0}</UniqueIdentifier>
    </Filter>
    <Filter Include="Libraries\Release">
      <UniqueIdentifier>{b379cf86-dd5b-4493-a8f4-cae70ac9f15d}</UniqueIdentifier>
    </Filter>
    <Filter Include="Libraries\openssl">
      <UniqueIdentifier>{8afc1a52-0f8e-4df2-81ba-7c30b5138ab8}</UniqueIdentifier>
    </Filter>
    <Filter Include="Libraries\Qt">
      <UniqueIdentifier>{d3cd9219-17d2-498e-ae51-d5dbe1d197cc}</UniqueIdentifier>
    </Filter>
    <Filter Include="Libraries\Qt\Debug">
      <UniqueIdentifier>{ce000317-44df-4076-a895-d29d9649626b}</UniqueIdentifier>
    </Filter>
    <Filter Include="Libraries\Qt\Release">
      <UniqueIdentifier>{ce57c04c-c42a-4d59-9062-d69ffe1e1c39}</UniqueIdentifier>
    </Filter>
    <Filter Include="Content Files">
      <UniqueIdentifier>{7140c5e7-62cd-4543-beca-7e7f6804707f}</UniqueIdentifier>
    </Filter>
    <Filter Include="Source Files\Scripting">
      <UniqueIdentifier>{3a23e993-c5b0-4022-89cb-8676a4693752}</UniqueIdentifier>
    </Filter>
    <Filter Include="Header Files\Scripting">
      <UniqueIdentifier>{ce6db986-80cb-42d0-bb46-5e327d206263}</UniqueIdentifier>
    </Filter>
    <Filter Include="Header Files\Filewatcher">
      <UniqueIdentifier>{8b772b20-d983-4ce9-93db-4be6004b174a}</UniqueIdentifier>
    </Filter>
    <Filter Include="Source Files\Filewatcher">
      <UniqueIdentifier>{3ae4034e-ba2a-4fad-8051-a08b7b5d2639}</UniqueIdentifier>
    </Filter>
    <Filter Include="Libraries\SDL2.0.4">
      <UniqueIdentifier>{e0fe716c-d7bf-44c1-b378-1ec4c047c3d4}</UniqueIdentifier>
    </Filter>
    <Filter Include="Source Files\CloudEdit">
      <UniqueIdentifier>{d355c54a-06fd-42da-a0a0-8421c1776544}</UniqueIdentifier>
    </Filter>
    <Filter Include="Header Files\CloudEdit">
      <UniqueIdentifier>{1be4c02c-22b5-46a4-a10e-f66132582066}</UniqueIdentifier>
    </Filter>
    <Filter Include="Resource Files\CSS">
      <UniqueIdentifier>{984f3fb9-60a8-4a70-8f12-85db0e02376a}</UniqueIdentifier>
    </Filter>
    <Filter Include="Resource Files\QT">
      <UniqueIdentifier>{45f39fc6-3e74-4924-bbca-c3e2cb625c9d}</UniqueIdentifier>
    </Filter>
  </ItemGroup>
  <ItemGroup>
    <ClCompile Include="AuthenticationHelper.cpp">
      <Filter>Source Files</Filter>
    </ClCompile>
    <ClCompile Include="AuthoringSettings.cpp">
      <Filter>Source Files</Filter>
    </ClCompile>
    <ClCompile Include="CommonInsertWidget.cpp">
      <Filter>Source Files</Filter>
    </ClCompile>
    <ClCompile Include="..\ClientShared\DataModelSerialize.cpp">
      <Filter>Source Files</Filter>
    </ClCompile>
    <ClCompile Include="..\Win\DumpErrorUploader.cpp">
      <Filter>Source Files</Filter>
    </ClCompile>
    <ClCompile Include="..\Win\ErrorUploader.cpp">
      <Filter>Source Files</Filter>
    </ClCompile>
    <ClCompile Include="ExternalHandlers.cpp">
      <Filter>Source Files</Filter>
    </ClCompile>
    <ClCompile Include="FindDialog.cpp">
      <Filter>Source Files</Filter>
    </ClCompile>
    <ClCompile Include="FunctionMarshaller.cpp">
      <Filter>Source Files</Filter>
    </ClCompile>
    <ClCompile Include="..\Win\LogManager.cpp">
      <Filter>Source Files</Filter>
    </ClCompile>
    <ClCompile Include="MachineConfig.cpp">
      <Filter>Source Files</Filter>
    </ClCompile>
    <ClCompile Include="..\ClientBase\MachineConfiguration.cpp">
      <Filter>Source Files</Filter>
    </ClCompile>
    <ClCompile Include="main.cpp">
      <Filter>Source Files</Filter>
    </ClCompile>
    <ClCompile Include="ogrewidget.cpp">
      <Filter>Source Files</Filter>
    </ClCompile>
    <ClCompile Include="PropertyItems.cpp">
      <Filter>Source Files</Filter>
    </ClCompile>
    <ClCompile Include="QtUtilities.cpp">
      <Filter>Source Files</Filter>
    </ClCompile>
    <ClCompile Include="ARLContent.cpp">
      <Filter>Source Files</Filter>
    </ClCompile>
    <ClCompile Include="ARLWorkspace.cpp">
      <Filter>Source Files</Filter>
    </ClCompile>
    <ClCompile Include="..\ClientBase\ReflectionMetadata.cpp">
      <Filter>Source Files</Filter>
    </ClCompile>
    <ClCompile Include="..\ClientBase\RenderSettingsItem.cpp">
      <Filter>Source Files</Filter>
    </ClCompile>
    <ClCompile Include="RenderStatsItem.cpp">
      <Filter>Source Files</Filter>
    </ClCompile>
    <ClCompile Include="stdafx.cpp">
      <Filter>Source Files</Filter>
    </ClCompile>
    <ClCompile Include="StudioUtilities.cpp">
      <Filter>Source Files</Filter>
    </ClCompile>
    <ClCompile Include="UserInput.cpp">
      <Filter>Source Files</Filter>
    </ClCompile>
    <ClCompile Include="UserInputUtil.cpp">
      <Filter>Source Files</Filter>
    </ClCompile>
    <ClCompile Include="..\Win\VersionInfo.cpp">
      <Filter>Source Files</Filter>
    </ClCompile>
    <ClCompile Include="..\Win\VistaTools.cpp">
      <Filter>Source Files</Filter>
    </ClCompile>
    <ClCompile Include="WebDialog.cpp">
      <Filter>Source Files</Filter>
    </ClCompile>
    <ClCompile Include="UpdateUIManager.cpp">
      <Filter>Source Files\Windows</Filter>
    </ClCompile>
    <ClCompile Include="ShortcutHelpDialog.cpp">
      <Filter>Source Files</Filter>
    </ClCompile>
    <ClCompile Include="ScriptSideWidget.cpp">
      <Filter>Source Files\Scripting</Filter>
    </ClCompile>
    <ClCompile Include="ScriptSyntaxHighlighter.cpp">
      <Filter>Source Files\Scripting</Filter>
    </ClCompile>
    <ClCompile Include="ScriptTextEditor.cpp">
      <Filter>Source Files\Scripting</Filter>
    </ClCompile>
    <ClCompile Include="AutoSaveDialog.cpp">
      <Filter>Source Files</Filter>
    </ClCompile>
    <ClCompile Include="DocDockManager.cpp">
      <Filter>Source Files</Filter>
    </ClCompile>
    <ClCompile Include="DocDockWidget.cpp">
      <Filter>Source Files</Filter>
    </ClCompile>
    <ClCompile Include="DocTabManager.cpp">
      <Filter>Source Files</Filter>
    </ClCompile>
    <ClCompile Include="StudioSerializerHelper.cpp">
      <Filter>Source Files</Filter>
    </ClCompile>
    <ClCompile Include="InsertObjectListWidget.cpp">
      <Filter>Source Files</Filter>
    </ClCompile>
    <ClCompile Include="InsertObjectListWidgetItem.cpp">
      <Filter>Source Files</Filter>
    </ClCompile>
    <ClCompile Include="InsertServiceDialog.cpp">
      <Filter>Source Files</Filter>
    </ClCompile>
    <ClCompile Include="DebuggerClient.cpp">
      <Filter>Source Files</Filter>
    </ClCompile>
    <ClCompile Include="DebuggerWidgets.cpp">
      <Filter>Source Files</Filter>
    </ClCompile>
    <ClCompile Include="LuaSourceBuffer.cpp">
      <Filter>Source Files\Scripting</Filter>
    </ClCompile>
    <ClCompile Include="GalleryItemColor.cpp">
      <Filter>Source Files</Filter>
    </ClCompile>
    <ClCompile Include="NameValueStoreManager.cpp">
      <Filter>Source Files</Filter>
    </ClCompile>
    <ClCompile Include="DebuggerClient.cpp">
      <Filter>Source Files</Filter>
    </ClCompile>
    <ClCompile Include="DebuggerWidgets.cpp">
      <Filter>Source Files</Filter>
    </ClCompile>
    <ClCompile Include="ScriptComboBox.cpp">
      <Filter>Source Files</Filter>
    </ClCompile>
    <ClCompile Include="MobileDevelopmentDeployer.cpp">
      <Filter>Source Files</Filter>
    </ClCompile>
    <ClCompile Include="StudioAnalytics.cpp">
      <Filter>Source Files</Filter>
    </ClCompile>
    <ClCompile Include="PairRbxDeviceDialog.cpp">
      <Filter>Source Files</Filter>
    </ClCompile>
    <ClCompile Include="..\App\script\LuaVMDummy.cpp">
      <Filter>Source Files</Filter>
    </ClCompile>
    <ClCompile Include="filewatcher\FileWatcher.cpp">
      <Filter>Source Files\Filewatcher</Filter>
    </ClCompile>
    <ClCompile Include="filewatcher\FileWatcherLinux.cpp">
      <Filter>Source Files\Filewatcher</Filter>
    </ClCompile>
    <ClCompile Include="filewatcher\FileWatcherOSX.cpp">
      <Filter>Source Files\Filewatcher</Filter>
    </ClCompile>
    <ClCompile Include="filewatcher\FileWatcherWin32.cpp">
      <Filter>Source Files\Filewatcher</Filter>
    </ClCompile>
    <ClCompile Include="ScriptAnalysisWidget.cpp">
      <Filter>Source Files\Scripting</Filter>
    </ClCompile>
    <ClCompile Include="AddEmulationDeviceDialog.cpp">
      <Filter>Source Files</Filter>
    </ClCompile>
    <ClCompile Include="StudioDeviceEmulator.cpp">
      <Filter>Source Files</Filter>
    </ClCompile>
    <ClCompile Include="ManageEmulationDeviceDialog.cpp">
      <Filter>Source Files</Filter>
    </ClCompile>
    <ClCompile Include="KeepSavedChangesDialog.cpp">
      <Filter>Source Files</Filter>
    </ClCompile>
    <ClCompile Include="..\ClientShared\SDLGameController.cpp">
      <Filter>Source Files</Filter>
    </ClCompile>
    <ClCompile Include="SplineEditor.cpp">
      <Filter>Source Files</Filter>
    </ClCompile>
    <ClCompile Include="CSGOperations.cpp">
      <Filter>Source Files</Filter>
    </ClCompile>
    <ClCompile Include="ScriptPickerDialog.cpp">
      <Filter>Source Files</Filter>
    </ClCompile>
    <ClCompile Include="StudioIntellesense.cpp">
      <Filter>Source Files</Filter>
    </ClCompile>
    <ClCompile Include="CloudEditAdornable.cpp">
      <Filter>Source Files\CloudEdit</Filter>
    </ClCompile>
    <ClCompile Include="SelectionHighlightAdornable.cpp">
      <Filter>Source Files\CloudEdit</Filter>
    </ClCompile>
    <ClCompile Include="PlayersDataManager.cpp">
      <Filter>Source Files\CloudEdit</Filter>
    </ClCompile>
    <ClCompile Include="ANORRLChatWidget.cpp">
      <Filter>Source Files\CloudEdit</Filter>
    </ClCompile>
    <ClCompile Include="ANORRLTeamCreateWidget.cpp">
      <Filter>Source Files\CloudEdit</Filter>
    </ClCompile>
    <ClCompile Include="ANORRLFindWidget.cpp">
      <Filter>Source Files</Filter>
    </ClCompile>
    <ClCompile Include="ANORRL.cpp">
      <Filter>Source Files</Filter>
    </ClCompile>
    <ClCompile Include="ANORRLApplicationManager.cpp">
      <Filter>Source Files</Filter>
    </ClCompile>
    <ClCompile Include="ANORRLBasicDoc.cpp">
      <Filter>Source Files</Filter>
    </ClCompile>
    <ClCompile Include="ANORRLBrowser.cpp">
      <Filter>Source Files</Filter>
    </ClCompile>
    <ClCompile Include="ANORRLContextualHelp.cpp">
      <Filter>Source Files</Filter>
    </ClCompile>
    <ClCompile Include="ANORRLCookieJar.cpp">
      <Filter>Source Files</Filter>
    </ClCompile>
    <ClCompile Include="ANORRLCustomWidgets.cpp">
      <Filter>Source Files</Filter>
    </ClCompile>
    <ClCompile Include="ANORRLDiagnosticsView.cpp">
      <Filter>Source Files</Filter>
    </ClCompile>
    <ClCompile Include="ANORRLDocManager.cpp">
      <Filter>Source Files</Filter>
    </ClCompile>
    <ClCompile Include="ANORRLGameExplorer.cpp">
      <Filter>Source Files</Filter>
    </ClCompile>
    <ClCompile Include="ANORRLIDEDoc.cpp">
      <Filter>Source Files</Filter>
    </ClCompile>
    <ClCompile Include="ANORRLInputConfigDialog.cpp">
      <Filter>Source Files</Filter>
    </ClCompile>
    <ClCompile Include="ANORRLKeyboardConfig.cpp">
      <Filter>Source Files</Filter>
    </ClCompile>
    <ClCompile Include="ANORRLMainWindow.cpp">
      <Filter>Source Files</Filter>
    </ClCompile>
    <ClCompile Include="ANORRLMouseConfig.cpp">
      <Filter>Source Files</Filter>
    </ClCompile>
    <ClCompile Include="ANORRLNetworkAccessManager.cpp">
      <Filter>Source Files</Filter>
    </ClCompile>
    <ClCompile Include="ANORRLNetworkReply.cpp">
      <Filter>Source Files</Filter>
    </ClCompile>
    <ClCompile Include="ANORRLObjectBrowserDoc.cpp">
      <Filter>Source Files</Filter>
    </ClCompile>
    <ClCompile Include="ANORRLPrizeAwarder.cpp">
      <Filter>Source Files</Filter>
    </ClCompile>
    <ClCompile Include="ANORRLPropertyWidget.cpp">
      <Filter>Source Files</Filter>
    </ClCompile>
    <ClCompile Include="ANORRLQuickAccessConfig.cpp">
      <Filter>Source Files</Filter>
    </ClCompile>
    <ClCompile Include="ANORRLReportView.cpp">
      <Filter>Source Files</Filter>
    </ClCompile>
    <ClCompile Include="ANORRLRibbonMainWindow.cpp">
      <Filter>Source Files</Filter>
    </ClCompile>
    <ClCompile Include="ANORRLSavingStateDialog.cpp">
      <Filter>Source Files</Filter>
    </ClCompile>
    <ClCompile Include="ANORRLScriptDoc.cpp">
      <Filter>Source Files</Filter>
    </ClCompile>
    <ClCompile Include="ANORRLScriptReview.cpp">
      <Filter>Source Files</Filter>
    </ClCompile>
    <ClCompile Include="ANORRLSettings.cpp">
      <Filter>Source Files</Filter>
    </ClCompile>
    <ClCompile Include="ANORRLSettingsDialog.cpp">
      <Filter>Source Files</Filter>
    </ClCompile>
    <ClCompile Include="ANORRLStudioVerbs.cpp">
      <Filter>Source Files</Filter>
    </ClCompile>
    <ClCompile Include="ANORRLTaskScheduler.cpp">
      <Filter>Source Files</Filter>
    </ClCompile>
    <ClCompile Include="ANORRLTextOutputWidget.cpp">
      <Filter>Source Files</Filter>
    </ClCompile>
    <ClCompile Include="ANORRLToolBox.cpp">
      <Filter>Source Files</Filter>
    </ClCompile>
    <ClCompile Include="ANORRLTreeWidget.cpp">
      <Filter>Source Files</Filter>
    </ClCompile>
    <ClCompile Include="ANORRLTutorials.cpp">
      <Filter>Source Files</Filter>
    </ClCompile>
    <ClCompile Include="ANORRLUser.cpp">
      <Filter>Source Files</Filter>
    </ClCompile>
    <ClCompile Include="ANORRLView.cpp">
      <Filter>Source Files</Filter>
    </ClCompile>
    <ClCompile Include="ANORRLWebDoc.cpp">
      <Filter>Source Files</Filter>
    </ClCompile>
    <ClCompile Include="ANORRLWebPage.cpp">
      <Filter>Source Files</Filter>
    </ClCompile>
    <ClCompile Include="ANORRLPluginHost.cpp">
      <Filter>Source Files</Filter>
    </ClCompile>
    <ClCompile Include="generated\moc_AddEmulationDeviceDialog.cpp">
      <Filter>Generated Files</Filter>
    </ClCompile>
    <ClCompile Include="generated\moc_ANORRL.cpp">
      <Filter>Generated Files</Filter>
    </ClCompile>
    <ClCompile Include="generated\moc_ANORRLApplicationManager.cpp">
      <Filter>Generated Files</Filter>
    </ClCompile>
    <ClCompile Include="generated\moc_ANORRLBrowser.cpp">
      <Filter>Generated Files</Filter>
    </ClCompile>
    <ClCompile Include="generated\moc_ANORRLChatWidget.cpp">
      <Filter>Generated Files</Filter>
    </ClCompile>
    <ClCompile Include="generated\moc_ANORRLContextualHelp.cpp">
      <Filter>Generated Files</Filter>
    </ClCompile>
    <ClCompile Include="generated\moc_ANORRLCookieJar.cpp">
      <Filter>Generated Files</Filter>
    </ClCompile>
    <ClCompile Include="generated\moc_ANORRLCustomWidgets.cpp">
      <Filter>Generated Files</Filter>
    </ClCompile>
    <ClCompile Include="generated\moc_ANORRLDiagnosticsView.cpp">
      <Filter>Generated Files</Filter>
    </ClCompile>
    <ClCompile Include="generated\moc_ANORRLDocManager.cpp">
      <Filter>Generated Files</Filter>
    </ClCompile>
    <ClCompile Include="generated\moc_ANORRLFindWidget.cpp">
      <Filter>Generated Files</Filter>
    </ClCompile>
    <ClCompile Include="generated\moc_ANORRLGameExplorer.cpp">
      <Filter>Generated Files</Filter>
    </ClCompile>
    <ClCompile Include="generated\moc_ANORRLIDEDoc.cpp">
      <Filter>Generated Files</Filter>
    </ClCompile>
    <ClCompile Include="generated\moc_ANORRLInputConfigDialog.cpp">
      <Filter>Generated Files</Filter>
    </ClCompile>
    <ClCompile Include="generated\moc_ANORRLKeyboardConfig.cpp">
      <Filter>Generated Files</Filter>
    </ClCompile>
    <ClCompile Include="generated\moc_ANORRLMainWindow.cpp">
      <Filter>Generated Files</Filter>
    </ClCompile>
    <ClCompile Include="generated\moc_ANORRLMouseConfig.cpp">
      <Filter>Generated Files</Filter>
    </ClCompile>
    <ClCompile Include="generated\moc_ANORRLNetworkReply.cpp">
      <Filter>Generated Files</Filter>
    </ClCompile>
    <ClCompile Include="generated\moc_ANORRLObjectBrowserDoc.cpp">
      <Filter>Generated Files</Filter>
    </ClCompile>
    <ClCompile Include="generated\moc_ANORRLPluginHost.cpp">
      <Filter>Generated Files</Filter>
    </ClCompile>
    <ClCompile Include="generated\moc_ANORRLPrizeAwarder.cpp">
      <Filter>Generated Files</Filter>
    </ClCompile>
    <ClCompile Include="generated\moc_ANORRLPropertyWidget.cpp">
      <Filter>Generated Files</Filter>
    </ClCompile>
    <ClCompile Include="generated\moc_ANORRLQuickAccessConfig.cpp">
      <Filter>Generated Files</Filter>
    </ClCompile>
    <ClCompile Include="generated\moc_ANORRLRibbonMainWindow.cpp">
      <Filter>Generated Files</Filter>
    </ClCompile>
    <ClCompile Include="generated\moc_ANORRLScriptDoc.cpp">
      <Filter>Generated Files</Filter>
    </ClCompile>
    <ClCompile Include="generated\moc_ANORRLScriptReview.cpp">
      <Filter>Generated Files</Filter>
    </ClCompile>
    <ClCompile Include="generated\moc_ANORRLSettings.cpp">
      <Filter>Generated Files</Filter>
    </ClCompile>
    <ClCompile Include="generated\moc_ANORRLSettingsDialog.cpp">
      <Filter>Generated Files</Filter>
    </ClCompile>
    <ClCompile Include="generated\moc_ANORRLStudioVerbs.cpp">
      <Filter>Generated Files</Filter>
    </ClCompile>
    <ClCompile Include="generated\moc_ANORRLTaskScheduler.cpp">
      <Filter>Generated Files</Filter>
    </ClCompile>
    <ClCompile Include="generated\moc_ANORRLTeamCreateWidget.cpp">
      <Filter>Generated Files</Filter>
    </ClCompile>
    <ClCompile Include="generated\moc_ANORRLTextOutputWidget.cpp">
      <Filter>Generated Files</Filter>
    </ClCompile>
    <ClCompile Include="generated\moc_ANORRLToolBox.cpp">
      <Filter>Generated Files</Filter>
    </ClCompile>
    <ClCompile Include="generated\moc_ANORRLTreeWidget.cpp">
      <Filter>Generated Files</Filter>
    </ClCompile>
    <ClCompile Include="generated\moc_ANORRLTutorials.cpp">
      <Filter>Generated Files</Filter>
    </ClCompile>
    <ClCompile Include="generated\moc_ANORRLUser.cpp">
      <Filter>Generated Files</Filter>
    </ClCompile>
    <ClCompile Include="generated\moc_ANORRLView.cpp">
      <Filter>Generated Files</Filter>
    </ClCompile>
    <ClCompile Include="generated\moc_ANORRLWebDoc.cpp">
      <Filter>Generated Files</Filter>
    </ClCompile>
    <ClCompile Include="generated\moc_ANORRLWebPage.cpp">
      <Filter>Generated Files</Filter>
    </ClCompile>
    <ClCompile Include="generated\moc_AuthenticationHelper.cpp">
      <Filter>Generated Files</Filter>
    </ClCompile>
    <ClCompile Include="generated\moc_AutoSaveDialog.cpp">
      <Filter>Generated Files</Filter>
    </ClCompile>
    <ClCompile Include="generated\moc_CommonInsertWidget.cpp">
      <Filter>Generated Files</Filter>
    </ClCompile>
    <ClCompile Include="generated\moc_DebuggerClient.cpp">
      <Filter>Generated Files</Filter>
    </ClCompile>
    <ClCompile Include="generated\moc_DebuggerWidgets.cpp">
      <Filter>Generated Files</Filter>
    </ClCompile>
    <ClCompile Include="generated\moc_DocDockManager.cpp">
      <Filter>Generated Files</Filter>
    </ClCompile>
    <ClCompile Include="generated\moc_DocDockWidget.cpp">
      <Filter>Generated Files</Filter>
    </ClCompile>
    <ClCompile Include="generated\moc_DocTabManager.cpp">
      <Filter>Generated Files</Filter>
    </ClCompile>
    <ClCompile Include="generated\moc_FindDialog.cpp">
      <Filter>Generated Files</Filter>
    </ClCompile>
    <ClCompile Include="generated\moc_InsertObjectListWidget.cpp">
      <Filter>Generated Files</Filter>
    </ClCompile>
    <ClCompile Include="generated\moc_InsertServiceDialog.cpp">
      <Filter>Generated Files</Filter>
    </ClCompile>
    <ClCompile Include="generated\moc_KeepSavedChangesDialog.cpp">
      <Filter>Generated Files</Filter>
    </ClCompile>
    <ClCompile Include="generated\moc_MachineConfig.cpp">
      <Filter>Generated Files</Filter>
    </ClCompile>
    <ClCompile Include="generated\moc_ManageEmulationDeviceDialog.cpp">
      <Filter>Generated Files</Filter>
    </ClCompile>
    <ClCompile Include="generated\moc_MobileDevelopmentDeployer.cpp">
      <Filter>Generated Files</Filter>
    </ClCompile>
    <ClCompile Include="generated\moc_ogrewidget.cpp">
      <Filter>Generated Files</Filter>
    </ClCompile>
    <ClCompile Include="generated\moc_PairRbxDeviceDialog.cpp">
      <Filter>Generated Files</Filter>
    </ClCompile>
    <ClCompile Include="generated\moc_PlayersDataManager.cpp">
      <Filter>Generated Files</Filter>
    </ClCompile>
    <ClCompile Include="generated\moc_PropertyItems.cpp">
      <Filter>Generated Files</Filter>
    </ClCompile>
    <ClCompile Include="generated\moc_QtUtilities.cpp">
      <Filter>Generated Files</Filter>
    </ClCompile>
    <ClCompile Include="generated\moc_ARLContent.cpp">
      <Filter>Generated Files</Filter>
    </ClCompile>
    <ClCompile Include="generated\moc_ARLWorkspace.cpp">
      <Filter>Generated Files</Filter>
    </ClCompile>
    <ClCompile Include="generated\moc_ScriptAnalysisWidget.cpp">
      <Filter>Generated Files</Filter>
    </ClCompile>
    <ClCompile Include="generated\moc_ScriptComboBox.cpp">
      <Filter>Generated Files</Filter>
    </ClCompile>
    <ClCompile Include="generated\moc_ScriptPickerDialog.cpp">
      <Filter>Generated Files</Filter>
    </ClCompile>
    <ClCompile Include="generated\moc_ScriptSideWidget.cpp">
      <Filter>Generated Files</Filter>
    </ClCompile>
    <ClCompile Include="generated\moc_ScriptSyntaxHighlighter.cpp">
      <Filter>Generated Files</Filter>
    </ClCompile>
    <ClCompile Include="generated\moc_ScriptTextEditor.cpp">
      <Filter>Generated Files</Filter>
    </ClCompile>
    <ClCompile Include="generated\moc_SplineEditor.cpp">
      <Filter>Generated Files</Filter>
    </ClCompile>
    <ClCompile Include="generated\moc_StudioDeviceEmulator.cpp">
      <Filter>Generated Files</Filter>
    </ClCompile>
    <ClCompile Include="generated\moc_StudioIntellesense.cpp">
      <Filter>Generated Files</Filter>
    </ClCompile>
    <ClCompile Include="generated\moc_UpdateUIManager.cpp">
      <Filter>Generated Files</Filter>
    </ClCompile>
    <ClCompile Include="generated\moc_WebDialog.cpp">
      <Filter>Generated Files</Filter>
    </ClCompile>
    <ClCompile Include="generated\qrc_ANORRLStudio.cpp">
      <Filter>Generated Files</Filter>
    </ClCompile>
  </ItemGroup>
  <ItemGroup>
    <ClInclude Include="AuthoringSettings.h">
      <Filter>Header Files</Filter>
    </ClInclude>
    <ClInclude Include="..\Win\DumpErrorUploader.h">
      <Filter>Header Files</Filter>
    </ClInclude>
    <ClInclude Include="..\Win\ErrorUploader.h">
      <Filter>Header Files</Filter>
    </ClInclude>
    <ClInclude Include="FunctionMarshaller.h">
      <Filter>Header Files</Filter>
    </ClInclude>
    <ClInclude Include="IExternalHandler.h">
      <Filter>Header Files</Filter>
    </ClInclude>
    <ClInclude Include="..\Win\LogManager.h">
      <Filter>Header Files</Filter>
    </ClInclude>
    <ClInclude Include="..\ClientBase\MachineConfiguration.h">
      <Filter>Header Files</Filter>
    </ClInclude>
    <ClInclude Include="..\ClientBase\ReflectionMetadata.h">
      <Filter>Header Files</Filter>
    </ClInclude>
    <ClInclude Include="..\ClientBase\RenderSettingsItem.h">
      <Filter>Header Files</Filter>
    </ClInclude>
    <ClInclude Include="stdafx.h">
      <Filter>Header Files</Filter>
    </ClInclude>
    <ClInclude Include="UserInput.h">
      <Filter>Header Files</Filter>
    </ClInclude>
    <ClInclude Include="UserInputUtil.h">
      <Filter>Header Files</Filter>
    </ClInclude>
    <ClInclude Include="..\Win\VersionInfo.h">
      <Filter>Header Files</Filter>
    </ClInclude>
    <ClInclude Include="..\Win\VistaTools.h">
      <Filter>Header Files</Filter>
    </ClInclude>
    <ClInclude Include="StudioSerializerHelper.h">
      <Filter>Header Files</Filter>
    </ClInclude>
    <ClInclude Include="InsertObjectListWidgetItem.h">
      <Filter>Header Files</Filter>
    </ClInclude>
    <ClInclude Include="NameValueStoreManager.h">
      <Filter>Header Files</Filter>
    </ClInclude>
    <ClInclude Include="GalleryItemColor.h">
      <Filter>Header Files</Filter>
    </ClInclude>
    <ClInclude Include="LuaSourceBuffer.h">
      <Filter>Header Files\Scripting</Filter>
    </ClInclude>
    <ClInclude Include="StudioAnalytics.h">
      <Filter>Header Files</Filter>
    </ClInclude>
    <ClInclude Include="filewatcher\FileWatcher.h">
      <Filter>Header Files\Filewatcher</Filter>
    </ClInclude>
    <ClInclude Include="filewatcher\FileWatcherImpl.h">
      <Filter>Header Files\Filewatcher</Filter>
    </ClInclude>
    <ClInclude Include="filewatcher\FileWatcherLinux.h">
      <Filter>Header Files\Filewatcher</Filter>
    </ClInclude>
    <ClInclude Include="filewatcher\FileWatcherOSX.h">
      <Filter>Header Files\Filewatcher</Filter>
    </ClInclude>
    <ClInclude Include="filewatcher\FileWatcherWin32.h">
      <Filter>Header Files\Filewatcher</Filter>
    </ClInclude>
    <ClInclude Include="..\ClientShared\SDLGameController.h">
      <Filter>Header Files</Filter>
    </ClInclude>
    <ClInclude Include="CSGOperations.h">
      <Filter>Header Files</Filter>
    </ClInclude>
    <ClInclude Include="CloudEditAdornable.h">
      <Filter>Header Files\CloudEdit</Filter>
    </ClInclude>
    <ClInclude Include="SelectionHighlightAdornable.h">
      <Filter>Header Files\CloudEdit</Filter>
    </ClInclude>
    <ClInclude Include="resource.h">
      <Filter>Header Files</Filter>
    </ClInclude>
    <ClInclude Include="ANORRLStudioVersion.h">
      <Filter>Header Files</Filter>
    </ClInclude>
    <ClInclude Include="IANORRLDoc.h">
      <Filter>Header Files</Filter>
    </ClInclude>
    <ClInclude Include="ANORRLNetworkAccessManager.h">
      <Filter>Header Files</Filter>
    </ClInclude>
    <ClInclude Include="ANORRLSavingStateDialog.h">
      <Filter>Header Files</Filter>
    </ClInclude>
    <ClInclude Include="generated\ui_AddEmulationDevDialog.h">
      <Filter>Generated Files</Filter>
    </ClInclude>
    <ClInclude Include="generated\ui_ARLMainWindow.h">
      <Filter>Generated Files</Filter>
    </ClInclude>
    <ClInclude Include="generated\ui_AutoSave.h">
      <Filter>Generated Files</Filter>
    </ClInclude>
    <ClInclude Include="generated\ui_ManageEmulationDevDialog.h">
      <Filter>Generated Files</Filter>
    </ClInclude>
    <ClInclude Include="generated\ui_PairRbxDevDialog.h">
      <Filter>Generated Files</Filter>
    </ClInclude>
    <ClInclude Include="generated\ui_TeamCreate.h">
      <Filter>Generated Files</Filter>
    </ClInclude>
  </ItemGroup>
  <ItemGroup>
    <PublishDLLDependency Include="..\VMProtect\VMProtectSDK32.dll">
      <Filter>Libraries</Filter>
    </PublishDLLDependency>
    <PublishDLLDependency Include="..\RbxDebug\bin\Debug\RbxDebug.dll">
      <Filter>Libraries\Debug</Filter>
    </PublishDLLDependency>
    <PublishDLLDependency Include="..\RbxDebug\bin\Debug\RbxDebug.pdb">
      <Filter>Libraries\Debug</Filter>
    </PublishDLLDependency>
    <PublishDLLDependency Include="..\openssl\libeay32.dll">
      <Filter>Libraries\openssl</Filter>
    </PublishDLLDependency>
    <PublishDLLDependency Include="..\openssl\libssl32.dll">
      <Filter>Libraries\openssl</Filter>
    </PublishDLLDependency>
    <PublishDLLDependency Include="..\openssl\ssleay32.dll">
      <Filter>Libraries\openssl</Filter>
    </PublishDLLDependency>
    <PublishDLLDependency Include="..\fmod\win32\fmod.dll">
      <Filter>Libraries</Filter>
    </PublishDLLDependency>
    <PublishDLLDependency Include="..\Rendering\OpenVR\bin\win32\openvr_api.dll" />
    <PublishDLLDependency Include="..\SDL2\Win\2.0.4\SDL2.dll" />
    <PublishDLLDependency Include="..\SDL2\Win\2.0.4\SDL2.pdb" />
    <PublishDLLDependency Include="..\Rendering\ShaderCompiler\d3dcompiler_47.dll">
      <Filter>Content Files</Filter>
    </PublishDLLDependency>
    <PublishDLLDependency Include="$(CONTRIB_PATH)\Qt\5.6.3\msvc2015\bin\Qt5Multimediad.dll" />
    <PublishDLLDependency Include="$(CONTRIB_PATH)\Qt\5.6.3\msvc2015\bin\Qt5Multimediad.pdb" />
    <PublishDLLDependency Include="$(CONTRIB_PATH)\Qt\5.6.3\msvc2015\bin\Qt5Cored.dll" />
    <PublishDLLDependency Include="$(CONTRIB_PATH)\Qt\5.6.3\msvc2015\bin\Qt5Cored.pdb" />
    <PublishDLLDependency Include="$(CONTRIB_PATH)\Qt\5.6.3\msvc2015\bin\Qt5Guid.dll" />
    <PublishDLLDependency Include="$(CONTRIB_PATH)\Qt\5.6.3\msvc2015\bin\Qt5Guid.pdb" />
    <PublishDLLDependency Include="$(CONTRIB_PATH)\Qt\5.6.3\msvc2015\bin\Qt5Networkd.dll" />
    <PublishDLLDependency Include="$(CONTRIB_PATH)\Qt\5.6.3\msvc2015\bin\Qt5Networkd.pdb" />
    <PublishDLLDependency Include="$(CONTRIB_PATH)\Qt\5.6.3\msvc2015\bin\Qt5WebKitd.dll" />
    <PublishDLLDependency Include="$(CONTRIB_PATH)\Qt\5.6.3\msvc2015\bin\Qt5WebKitd.pdb" />
    <PublishDLLDependency Include="$(CONTRIB_PATH)\Qt\5.6.3\msvc2015\bin\Qt5Xmld.dll" />
    <PublishDLLDependency Include="$(CONTRIB_PATH)\Qt\5.6.3\msvc2015\bin\Qt5Xmld.pdb" />
    <PublishDLLDependency Include="$(CONTRIB_PATH)\Qt\5.6.3\msvc2015\bin\Qt5Multimedia.dll" />
    <PublishDLLDependency Include="$(CONTRIB_PATH)\Qt\5.6.3\msvc2015\bin\Qt5Core.dll" />
    <PublishDLLDependency Include="$(CONTRIB_PATH)\Qt\5.6.3\msvc2015\bin\Qt5Gui.dll" />
    <PublishDLLDependency Include="$(CONTRIB_PATH)\Qt\5.6.3\msvc2015\bin\Qt5Network.dll" />
    <PublishDLLDependency Include="$(CONTRIB_PATH)\Qt\5.6.3\msvc2015\bin\Qt5WebEngine.dll" />
    <PublishDLLDependency Include="$(CONTRIB_PATH)\Qt\5.6.3\msvc2015\bin\Qt5Xml.dll" />
  </ItemGroup>
  <ItemGroup>
    <Moc Include="AuthenticationHelper.h">
      <Filter>Header Files</Filter>
    </Moc>
    <Moc Include="CommonInsertWidget.h">
      <Filter>Header Files</Filter>
    </Moc>
    <Moc Include="FindDialog.h">
      <Filter>Header Files</Filter>
    </Moc>
    <Moc Include="MachineConfig.h">
      <Filter>Header Files</Filter>
    </Moc>
    <Moc Include="ogrewidget.h">
      <Filter>Header Files</Filter>
    </Moc>
    <Moc Include="QtUtilities.h">
      <Filter>Header Files</Filter>
    </Moc>
    <Moc Include="ARLContent.h">
      <Filter>Header Files</Filter>
    </Moc>
    <Moc Include="ARLWorkspace.h">
      <Filter>Header Files</Filter>
    </Moc>
    <Moc Include="WebDialog.h">
      <Filter>Header Files</Filter>
    </Moc>
    <Moc Include="UpdateUIManager.h">
      <Filter>Header Files\Windows</Filter>
    </Moc>
    <Moc Include="ScriptSideWidget.h">
      <Filter>Header Files</Filter>
    </Moc>
    <Moc Include="ScriptTextEditor.h">
      <Filter>Header Files</Filter>
    </Moc>
    <Moc Include="AutoSaveDialog.h">
      <Filter>Header Files</Filter>
    </Moc>
    <Moc Include="DocDockManager.h">
      <Filter>Header Files</Filter>
    </Moc>
    <Moc Include="DocDockWidget.h">
      <Filter>Header Files</Filter>
    </Moc>
    <Moc Include="DocTabManager.h">
      <Filter>Header Files</Filter>
    </Moc>
    <Moc Include="InsertObjectListWidget.h">
      <Filter>Header Files</Filter>
    </Moc>
    <Moc Include="InsertServiceDialog.h">
      <Filter>Header Files</Filter>
    </Moc>
    <Moc Include="DebuggerClient.h">
      <Filter>Header Files</Filter>
    </Moc>
    <Moc Include="DebuggerWidgets.h">
      <Filter>Header Files</Filter>
    </Moc>
    <Moc Include="ScriptComboBox.h">
      <Filter>Header Files</Filter>
    </Moc>
    <Moc Include="StudioIntellesense.h">
      <Filter>Header Files</Filter>
    </Moc>
    <Moc Include="MobileDevelopmentDeployer.h">
      <Filter>Header Files</Filter>
    </Moc>
    <Moc Include="PairRbxDeviceDialog.h">
      <Filter>Header Files</Filter>
    </Moc>
    <Moc Include="ScriptAnalysisWidget.h">
      <Filter>Header Files</Filter>
    </Moc>
    <Moc Include="AddEmulationDeviceDialog.h">
      <Filter>Header Files</Filter>
    </Moc>
    <Moc Include="StudioDeviceEmulator.h">
      <Filter>Header Files</Filter>
    </Moc>
    <Moc Include="ManageEmulationDeviceDialog.h">
      <Filter>Header Files</Filter>
    </Moc>
    <Moc Include="KeepSavedChangesDialog.h">
      <Filter>Header Files</Filter>
    </Moc>
    <Moc Include="SplineEditor.h">
      <Filter>Header Files</Filter>
    </Moc>
    <Moc Include="ScriptPickerDialog.h">
      <Filter>Header Files</Filter>
    </Moc>
    <Moc Include="PropertyItems.h">
      <Filter>Header Files</Filter>
    </Moc>
    <Moc Include="PlayersDataManager.h">
      <Filter>Header Files\CloudEdit</Filter>
    </Moc>
    <Moc Include="PlayersDataManager.h">
      <Filter>Header Files</Filter>
    </Moc>
    <Moc Include="ScriptSyntaxHighlighter.h">
      <Filter>Header Files\Scripting</Filter>
    </Moc>
    <Moc Include="ANORRLChatWidget.h">
      <Filter>Header Files\CloudEdit</Filter>
    </Moc>
    <Moc Include="ANORRLTeamCreateWidget.h">
      <Filter>Header Files\CloudEdit</Filter>
    </Moc>
    <Moc Include="ANORRLFindWidget.h">
      <Filter>Header Files</Filter>
    </Moc>
    <Moc Include="ANORRL.h">
      <Filter>Header Files</Filter>
    </Moc>
    <Moc Include="ANORRLApplicationManager.h">
      <Filter>Header Files</Filter>
    </Moc>
    <Moc Include="ANORRLBrowser.h">
      <Filter>Header Files</Filter>
    </Moc>
    <Moc Include="ANORRLCustomWidgets.h">
      <Filter>Header Files</Filter>
    </Moc>
    <Moc Include="ANORRLDiagnosticsView.h">
      <Filter>Header Files</Filter>
    </Moc>
    <Moc Include="ANORRLDocManager.h">
      <Filter>Header Files</Filter>
    </Moc>
    <Moc Include="ANORRLIDEDoc.h">
      <Filter>Header Files</Filter>
    </Moc>
    <Moc Include="ANORRLMainWindow.h">
      <Filter>Header Files</Filter>
    </Moc>
    <Moc Include="ANORRLObjectBrowserDoc.h">
      <Filter>Header Files</Filter>
    </Moc>
    <Moc Include="ANORRLPropertyWidget.h">
      <Filter>Header Files</Filter>
    </Moc>
    <Moc Include="ANORRLScriptDoc.h">
      <Filter>Header Files</Filter>
    </Moc>
    <Moc Include="ANORRLScriptReview.h">
      <Filter>Header Files</Filter>
    </Moc>
    <Moc Include="ANORRLSettings.h">
      <Filter>Header Files</Filter>
    </Moc>
    <Moc Include="ANORRLSettingsDialog.h">
      <Filter>Header Files</Filter>
    </Moc>
    <Moc Include="ANORRLStudioVerbs.h">
      <Filter>Header Files</Filter>
    </Moc>
    <Moc Include="ANORRLCookieJar.h">
      <Filter>Header Files</Filter>
    </Moc>
    <Moc Include="ANORRLInputConfigDialog.h">
      <Filter>Header Files</Filter>
    </Moc>
    <Moc Include="ANORRLKeyboardConfig.h">
      <Filter>Header Files</Filter>
    </Moc>
    <Moc Include="ANORRLMouseConfig.h">
      <Filter>Header Files</Filter>
    </Moc>
    <Moc Include="ANORRLContextualHelp.h">
      <Filter>Header Files</Filter>
    </Moc>
    <Moc Include="ANORRLGameExplorer.h">
      <Filter>Header Files</Filter>
    </Moc>
    <Moc Include="ANORRLNetworkReply.h">
      <Filter>Header Files</Filter>
    </Moc>
    <Moc Include="ANORRLPrizeAwarder.h">
      <Filter>Header Files</Filter>
    </Moc>
    <Moc Include="ANORRLRibbonMainWindow.h">
      <Filter>Header Files</Filter>
    </Moc>
    <Moc Include="ANORRLQuickAccessConfig.h">
      <Filter>Header Files</Filter>
    </Moc>
    <Moc Include="ANORRLTaskScheduler.h">
      <Filter>Header Files</Filter>
    </Moc>
    <Moc Include="ANORRLTextOutputWidget.h">
      <Filter>Header Files</Filter>
    </Moc>
    <Moc Include="ANORRLToolBox.h">
      <Filter>Header Files</Filter>
    </Moc>
    <Moc Include="ANORRLTreeWidget.h">
      <Filter>Header Files</Filter>
    </Moc>
    <Moc Include="ANORRLView.h">
      <Filter>Header Files</Filter>
    </Moc>
    <Moc Include="ANORRLWebDoc.h">
      <Filter>Header Files</Filter>
    </Moc>
    <Moc Include="ANORRLUser.h">
      <Filter>Header Files</Filter>
    </Moc>
    <Moc Include="ANORRLWebPage.h">
      <Filter>Header Files</Filter>
    </Moc>
    <Moc Include="ANORRLTutorials.h">
      <Filter>Header Files</Filter>
    </Moc>
    <Moc Include="ANORRLPluginHost.h">
      <Filter>Header Files</Filter>
    </Moc>
  </ItemGroup>
  <ItemGroup>
    <CustomBuild Include="ExternalHandlers.h">
      <Filter>Header Files</Filter>
    </CustomBuild>
    <CustomBuild Include="StudioUtilities.h">
      <Filter>Header Files</Filter>
    </CustomBuild>
    <CustomBuild Include="..\ClientBase\ReflectionMetadata.xml">
      <Filter>Content Files</Filter>
    </CustomBuild>
    <CustomBuild Include="ANORRLBasicDoc.h">
      <Filter>Header Files</Filter>
    </CustomBuild>
    <CustomBuild Include="ANORRLReportView.h">
      <Filter>Header Files</Filter>
    </CustomBuild>
  </ItemGroup>
  <ItemGroup>
    <Library Include="..\SDL2\Win\2.0.4\SDL2.lib" />
  </ItemGroup>
  <ItemGroup>
    <None Include="ANORRLStudio.vcxproj" />
    <None Include="resources\css\ANORRLStudio.css">
      <Filter>Resource Files\CSS</Filter>
    </None>
    <None Include="resources\css\ANORRLStudio_dark.css">
      <Filter>Resource Files\CSS</Filter>
    </None>
    <None Include="resources\css\ANORRLStudioRibbon.css">
      <Filter>Resource Files\CSS</Filter>
    </None>
    <None Include="resources\QtBuildRules.props">
      <Filter>Resource Files</Filter>
    </None>
    <None Include="resources\QtBuildRules.rules">
      <Filter>Resource Files</Filter>
    </None>
    <None Include="resources\QtBuildRules.targets">
      <Filter>Resource Files</Filter>
    </None>
  </ItemGroup>
  <ItemGroup>
    <ResourceCompile Include="resources\ANORRLStudio.rc">
      <Filter>Resource Files</Filter>
    </ResourceCompile>
  </ItemGroup>
  <ItemGroup>
    <Uic Include="resources\qt\AddEmulationDevDialog.ui">
      <Filter>Resource Files\QT</Filter>
    </Uic>
    <Uic Include="resources\qt\ARLMainWindow.ui">
      <Filter>Resource Files\QT</Filter>
    </Uic>
    <Uic Include="resources\qt\AutoSave.ui">
      <Filter>Resource Files\QT</Filter>
    </Uic>
    <Uic Include="resources\qt\ManageEmulationDevDialog.ui">
      <Filter>Resource Files\QT</Filter>
    </Uic>
    <Uic Include="resources\qt\PairRbxDevDialog.ui">
      <Filter>Resource Files\QT</Filter>
    </Uic>
    <Uic Include="resources\qt\TeamCreate.ui">
      <Filter>Resource Files\QT</Filter>
    </Uic>
  </ItemGroup>
  <ItemGroup>
    <Xml Include="content\ANORRLStudioRibbon.xml">
      <Filter>Content Files</Filter>
    </Xml>
    <Xml Include="content\ANORRLStudioRibbonRelease.xml">
      <Filter>Content Files</Filter>
    </Xml>
    <Xml Include="content\AppSettings.xml">
      <Filter>Content Files</Filter>
    </Xml>
    <Xml Include="content\IntelleSenseMetadata.xml">
      <Filter>Content Files</Filter>
    </Xml>
    <Xml Include="resources\QtBuildRules.xml">
      <Filter>Resource Files</Filter>
    </Xml>
  </ItemGroup>
  <ItemGroup>
    <Text Include="content\copyrights.txt">
      <Filter>Content Files</Filter>
    </Text>
  </ItemGroup>
  <ItemGroup>
    <Rcc Include="ANORRLStudio.qrc">
      <Filter>Resource Files</Filter>
    </Rcc>
  </ItemGroup>
</Project>